// !$*UTF8*$!
{
	archiveVersion = 1;
	classes = {
	};
	objectVersion = 77;
	objects = {

/* Begin PBXBuildFile section */
		0780C3754CF52E55C4490DC2 /* SleepModels.swift in Sources */ = {isa = PBXBuildFile; fileRef = 5AFDD42A4C609A6413DEEC82 /* SleepModels.swift */; };
		137C1F2AE3316E17CABEFB95 /* SleepUITests.swift in Sources */ = {isa = PBXBuildFile; fileRef = A161A64BE465FB4CF891102C /* SleepUITests.swift */; };
		1587ACA6955C32F4EA8CFD1C /* WhoopReplicaRecovery.swift in Sources */ = {isa = PBXBuildFile; fileRef = 7447BFCD39E872DF3C382FA1 /* WhoopReplicaRecovery.swift */; };
		17219C52B7BB1E5EF0CEBC41 /* Assets.xcassets in Resources */ = {isa = PBXBuildFile; fileRef = 17FB3C93091A25C01753B986 /* Assets.xcassets */; };
		1B298114C565D5DDABC9529F /* DashboardBehaviorTests.swift in Sources */ = {isa = PBXBuildFile; fileRef = BDB8AA26CCBFED085E8C1079 /* DashboardBehaviorTests.swift */; };
		1D4515B211EAC64CCCE49ABB /* WhoopDeploymentHealthReporterTests.swift in Sources */ = {isa = PBXBuildFile; fileRef = 49E6D91FB80DE29760582729 /* WhoopDeploymentHealthReporterTests.swift */; };
		20EC2CFBD753BEF928989A9D /* WhoopMissedSleepTests.swift in Sources */ = {isa = PBXBuildFile; fileRef = 6CCF8A8983AACEB1EC7A72B9 /* WhoopMissedSleepTests.swift */; };
		278123D93D1533916BB2FD27 /* WhoopRecoveryModelTests.swift in Sources */ = {isa = PBXBuildFile; fileRef = 091BB6FB807073CDCD11BDC5 /* WhoopRecoveryModelTests.swift */; };
		2790E669FB765D2099E6C7E0 /* WhoopTransportPipelineTests.swift in Sources */ = {isa = PBXBuildFile; fileRef = 7C5DAE43DDB767B5C65FE8A4 /* WhoopTransportPipelineTests.swift */; };
		2CA17A6E166ABF18B63E7337 /* WhoopStepMaterializationTests.swift in Sources */ = {isa = PBXBuildFile; fileRef = 15B48DF209E4718B9B379BA5 /* WhoopStepMaterializationTests.swift */; };
		2F022808C7E391537959A053 /* DayKey.swift in Sources */ = {isa = PBXBuildFile; fileRef = 9E64AEEEBAFBE617F8BEE68B /* DayKey.swift */; };
		334963B6F896820E0164B9AC /* WhoopRuntimeDiagnostics.swift in Sources */ = {isa = PBXBuildFile; fileRef = B0A89FD93D426348F4C6177A /* WhoopRuntimeDiagnostics.swift */; };
		37B811C05E5DEB8261088DB0 /* GeneratedModelFeatures.swift in Sources */ = {isa = PBXBuildFile; fileRef = 5B8F9ADADF7705436F71B83C /* GeneratedModelFeatures.swift */; };
		4112D89C13C8B64F5B12A7A4 /* WhoopReplicaSnapshotter.swift in Sources */ = {isa = PBXBuildFile; fileRef = A8E4DE7B693F5B664AA67C5A /* WhoopReplicaSnapshotter.swift */; };
		44838C3AC065F48BBA97B9C6 /* WhoopHandshakeProbe.swift in Sources */ = {isa = PBXBuildFile; fileRef = ACA50ED0CA372D20A4C7FCC2 /* WhoopHandshakeProbe.swift */; };
		476A5C69503860B5B4D2BC84 /* WhoopSleepAnalysisTests.swift in Sources */ = {isa = PBXBuildFile; fileRef = 076EE844CAA15096FB7C3623 /* WhoopSleepAnalysisTests.swift */; };
		49AB45DE757D54D018ABB473 /* DashboardComponents.swift in Sources */ = {isa = PBXBuildFile; fileRef = 3809107A1121151F76D5B4D8 /* DashboardComponents.swift */; };
		4FDB88A26E0B2666ACD32173 /* WhoopPacketPersistenceTests.swift in Sources */ = {isa = PBXBuildFile; fileRef = 47124A55241F0D450E3746B1 /* WhoopPacketPersistenceTests.swift */; };
		547CEA6F92843D9FA5E416BA /* WhoopTransportPipeline.swift in Sources */ = {isa = PBXBuildFile; fileRef = 8048111276B8577F6DD8A855 /* WhoopTransportPipeline.swift */; };
		580D826D5EF369356D641ABF /* WhoopDomainTypes.swift in Sources */ = {isa = PBXBuildFile; fileRef = 3F6D1E0548636B1540ACDE3C /* WhoopDomainTypes.swift */; };
		58D3DEF10CE8C5D53FB5BFE4 /* SleepApp.swift in Sources */ = {isa = PBXBuildFile; fileRef = 64308BD33686D78BFFF93E84 /* SleepApp.swift */; };
		5BB2733287B2BA9DAABD10ED /* WhoopMigrationTests.swift in Sources */ = {isa = PBXBuildFile; fileRef = 040697F2F051E1E1903AA488 /* WhoopMigrationTests.swift */; };
		5D38DACDD5370856CB867D42 /* WhoopStore.swift in Sources */ = {isa = PBXBuildFile; fileRef = 34128B1D49DD54D79E178CB2 /* WhoopStore.swift */; };
		65CA4677F6C245C4664E9FF6 /* StoreMetadataRepository.swift in Sources */ = {isa = PBXBuildFile; fileRef = 37CB0C91AE42A5DF1E5FC9CA /* StoreMetadataRepository.swift */; };
		6656E4EFFD958DF273A88B86 /* WhoopStorageTelemetryCensus.swift in Sources */ = {isa = PBXBuildFile; fileRef = CCA3A18B9DA557D605FBC178 /* WhoopStorageTelemetryCensus.swift */; };
		679CCD419862149E0C72EF4C /* HealthHistoryModel.swift in Sources */ = {isa = PBXBuildFile; fileRef = 25E46BF848A3B0CE31F74988 /* HealthHistoryModel.swift */; };
		6A086A662BEE273EF6C53535 /* WhoopConnectionSession.swift in Sources */ = {isa = PBXBuildFile; fileRef = 8F5D0946204538CAC70DF036 /* WhoopConnectionSession.swift */; };
		6AFCBC389F1511CB9ECE0C8D /* ScoreModels.swift in Sources */ = {isa = PBXBuildFile; fileRef = 4204AEE4704C8F98E6381F1B /* ScoreModels.swift */; };
		6C7266E70DD8CAA12AC51231 /* model-feature-golden.json in Resources */ = {isa = PBXBuildFile; fileRef = 6CFDC97B68116A887D9D0DB9 /* model-feature-golden.json */; };
		7285F8F1456A2E8B06CE0815 /* SummaryRing.swift in Sources */ = {isa = PBXBuildFile; fileRef = 6E18F6AC0F8B69DB640032EA /* SummaryRing.swift */; };
		752DB7D44DD473D4A88795B8 /* WhoopBackfillPlanner.swift in Sources */ = {isa = PBXBuildFile; fileRef = 9FA8ED17408466F88E8FA478 /* WhoopBackfillPlanner.swift */; };
		76B1F55DB96AC164617E6263 /* DashboardHeader.swift in Sources */ = {isa = PBXBuildFile; fileRef = 716DD0127D6C3E71B2B2EE53 /* DashboardHeader.swift */; };
		7DF2414F56E0FD76A096BCD8 /* WhoopTestFixtures.swift in Sources */ = {isa = PBXBuildFile; fileRef = 66FFE73953723B99EB408655 /* WhoopTestFixtures.swift */; };
		7E33C39132A8DFE65DD29C40 /* MetricValue.swift in Sources */ = {isa = PBXBuildFile; fileRef = B1416DDBCEB7440200CDADF3 /* MetricValue.swift */; };
		8139089A65869D183B4C420D /* WhoopNotificationManagerTests.swift in Sources */ = {isa = PBXBuildFile; fileRef = BA5D8D2CB1CF6BBD981621C4 /* WhoopNotificationManagerTests.swift */; };
		87233AFD908BC184BBA976D5 /* DashboardCardData.swift in Sources */ = {isa = PBXBuildFile; fileRef = DCE7A9EE3420191E08AFA212 /* DashboardCardData.swift */; };
		8D60C001806FF42905242109 /* WhoopReliabilityTests.swift in Sources */ = {isa = PBXBuildFile; fileRef = C08B65E67D08A01C62A13C9E /* WhoopReliabilityTests.swift */; };
		8F7A0EBCD6AA6669C5472464 /* WhoopStorageTelemetryTests.swift in Sources */ = {isa = PBXBuildFile; fileRef = 8492492D3A3987C509790E1C /* WhoopStorageTelemetryTests.swift */; };
		8F913BC7DF69EAA29C7C560F /* WhoopBackfillPlannerTests.swift in Sources */ = {isa = PBXBuildFile; fileRef = 3CCB3349CEE2670355C28541 /* WhoopBackfillPlannerTests.swift */; };
		8FF94A6FB80D20447C95889D /* WhoopLaunchOverrides.swift in Sources */ = {isa = PBXBuildFile; fileRef = 57102F2178F998C51E368FD5 /* WhoopLaunchOverrides.swift */; };
		9072C8D530E6F2332C373F82 /* WhoopProtocol.swift in Sources */ = {isa = PBXBuildFile; fileRef = 0CB469B3852FB6D3294099DF /* WhoopProtocol.swift */; };
		92012161C9ACA7A94CFBBA7F /* DashboardRepository.swift in Sources */ = {isa = PBXBuildFile; fileRef = 8DCF2F73FF16BA2EEF8B3DF9 /* DashboardRepository.swift */; };
		928DF56ADE0EE3B29935115F /* WhoopBluetoothPolicy.swift in Sources */ = {isa = PBXBuildFile; fileRef = E337614D3958D7A40C244A3A /* WhoopBluetoothPolicy.swift */; };
		99A65963BED0E6686FF33D24 /* ModelFeatureGoldenVectorTests.swift in Sources */ = {isa = PBXBuildFile; fileRef = C64559828E79DB6EC5514DB2 /* ModelFeatureGoldenVectorTests.swift */; };
		9C81114036D776D1224473ED /* WhoopHistoricalSyncState.swift in Sources */ = {isa = PBXBuildFile; fileRef = D0EBA7B3CE7453E056495763 /* WhoopHistoricalSyncState.swift */; };
		9D1B418868E36CCC77E7B249 /* WhoopPrivateModelTests.swift in Sources */ = {isa = PBXBuildFile; fileRef = 34E9715EA448FC5134A25CED /* WhoopPrivateModelTests.swift */; };
		9D764CB8FF0D4AB14C8ED719 /* WhoopReplicaCoordinator.swift in Sources */ = {isa = PBXBuildFile; fileRef = 8868AE127BDE348A1C0C9AAF /* WhoopReplicaCoordinator.swift */; };
		9E3604230102A49657DFDE63 /* DayKeyTests.swift in Sources */ = {isa = PBXBuildFile; fileRef = A84E031074D8289CE6323A79 /* DayKeyTests.swift */; };
		B1A2809D8FE994408F7D20DD /* DashboardCardProjection.swift in Sources */ = {isa = PBXBuildFile; fileRef = FFE8727737E6924191C100F9 /* DashboardCardProjection.swift */; };
		B4DA71204B2FAD73001752A3 /* WhoopStepDayMigration.swift in Sources */ = {isa = PBXBuildFile; fileRef = 0547807C71E9BE2B1EC86521 /* WhoopStepDayMigration.swift */; };
		B54F36D3B07E275DC572801B /* LocalStrainRepository.swift in Sources */ = {isa = PBXBuildFile; fileRef = E8E4CD117F96924AF01CBEB2 /* LocalStrainRepository.swift */; };
		BB4DCB3FFF1EE3EEA05CC1A1 /* WhoopStorageTelemetry.swift in Sources */ = {isa = PBXBuildFile; fileRef = A0F9C972CD43F547A9632824 /* WhoopStorageTelemetry.swift */; };
		BD7C388EF4924EF39E99575F /* WhoopReplicaTests.swift in Sources */ = {isa = PBXBuildFile; fileRef = 050BFB502A6A55E294979B7C /* WhoopReplicaTests.swift */; };
		BDFAFF674B60CF9A6C7F5583 /* WhoopPacketEnvelope.swift in Sources */ = {isa = PBXBuildFile; fileRef = A915438470BA7CA309A59AB2 /* WhoopPacketEnvelope.swift */; };
		BE1A47FC4A13BE01CB72B9B9 /* DashboardDatabaseReader.swift in Sources */ = {isa = PBXBuildFile; fileRef = 399E6CB25AC610710C8012EF /* DashboardDatabaseReader.swift */; };
		BF4388334F63CB6C14B6D1A2 /* WhoopSleepSessionPolicy.swift in Sources */ = {isa = PBXBuildFile; fileRef = CD38AB35480B8A5A3AEAC0EF /* WhoopSleepSessionPolicy.swift */; };
		C287F1CAD94082A60F7F0D33 /* Theme.swift in Sources */ = {isa = PBXBuildFile; fileRef = BAC12C50E6EC2893C8AFBA3B /* Theme.swift */; };
		C2BFE015B1E257ABC9593D0D /* LocalStrainRepositoryTests.swift in Sources */ = {isa = PBXBuildFile; fileRef = 16F23ABF4247367F82306518 /* LocalStrainRepositoryTests.swift */; };
		C3287342FD439B420AEDC31D /* DashboardCardProjectionTests.swift in Sources */ = {isa = PBXBuildFile; fileRef = 7078877059437F4D119BC96C /* DashboardCardProjectionTests.swift */; };
		CFD8A1ADF45336338058B536 /* WhoopTestFrameFactory.swift in Sources */ = {isa = PBXBuildFile; fileRef = 0AC2FA9FA806C60322E8CA6C /* WhoopTestFrameFactory.swift */; };
		D29531FAECFFB84715E0D80C /* DemoHistory.swift in Sources */ = {isa = PBXBuildFile; fileRef = 7C8B5553958EDEAA9CBB2ADC /* DemoHistory.swift */; };
		D63687041869BB4EF8C234C2 /* WhoopStorageTelemetryModels.swift in Sources */ = {isa = PBXBuildFile; fileRef = 4A51A1D38E6C2F623FE0E21D /* WhoopStorageTelemetryModels.swift */; };
		D9FAE8287E22B5B123B76660 /* WhoopBluetoothPolicyTests.swift in Sources */ = {isa = PBXBuildFile; fileRef = 7E6F7AB280CBFA345F5A99D3 /* WhoopBluetoothPolicyTests.swift */; };
		DB61E79F693E407B5086D2EF /* RootView.swift in Sources */ = {isa = PBXBuildFile; fileRef = 3ECA72687BA9425EEE8B38F8 /* RootView.swift */; };
		DC77ADE6C8C5AA97F4D0AB58 /* WhoopStoreModels.swift in Sources */ = {isa = PBXBuildFile; fileRef = 9440288B0E7996A2E3665CDC /* WhoopStoreModels.swift */; };
		DCD341A0BEB7C24CDDB5DC59 /* WhoopStorageReliability.swift in Sources */ = {isa = PBXBuildFile; fileRef = 0D67C2E6C94DDE79F867C8C6 /* WhoopStorageReliability.swift */; };
		DE8477B9857DFF48AA3CA8A0 /* SQLiteDatabase.swift in Sources */ = {isa = PBXBuildFile; fileRef = 4FB6C00FDF2CD81DA997F210 /* SQLiteDatabase.swift */; };
		E2B682FB5DC45956A63744D2 /* WhoopReplicaModels.swift in Sources */ = {isa = PBXBuildFile; fileRef = D51AB4CF90B3A7DFCDBFB8DF /* WhoopReplicaModels.swift */; };
		E6B53877D0464F513762B2C4 /* ChartAverageSteps.swift in Sources */ = {isa = PBXBuildFile; fileRef = C442349478C5381E6E9687C7 /* ChartAverageSteps.swift */; };
		EC4B78C393047300ECBD6A99 /* MetricCard.swift in Sources */ = {isa = PBXBuildFile; fileRef = 6A8AEC67A435000FCD5EDD67 /* MetricCard.swift */; };
		ED4B0593B4B893B4414DDEDE /* WhoopDeploymentHealthReporter.swift in Sources */ = {isa = PBXBuildFile; fileRef = FFE526F33EEDC43EE573643D /* WhoopDeploymentHealthReporter.swift */; };
		EDFCA80D066F0EC111DD028C /* WhoopReplicaClient.swift in Sources */ = {isa = PBXBuildFile; fileRef = A4F743C5C57B6B4700E30C29 /* WhoopReplicaClient.swift */; };
		F1E38671A319E2B33048F292 /* StrainEngine.swift in Sources */ = {isa = PBXBuildFile; fileRef = 164D9603D44A9DD1FBAA34C6 /* StrainEngine.swift */; };
		F7C2775BDF7ED586CCC62887 /* WhoopPowerPackMonitor.swift in Sources */ = {isa = PBXBuildFile; fileRef = C7932959CC96DD16B2AD925D /* WhoopPowerPackMonitor.swift */; };
		FF5F2B3BFBB430A4F6F1FD5F /* StrainEngineTests.swift in Sources */ = {isa = PBXBuildFile; fileRef = D4BC150B5486DA4E23044DEF /* StrainEngineTests.swift */; };
/* End PBXBuildFile section */

/* Begin PBXContainerItemProxy section */
		50D26755D5F855E1C632BD7B /* PBXContainerItemProxy */ = {
			isa = PBXContainerItemProxy;
			containerPortal = D72287C3CA7F4F9C38CD605A /* Project object */;
			proxyType = 1;
			remoteGlobalIDString = 9EB5F8D007CF094E489E734A;
			remoteInfo = Sleep;
		};
		595AFBD211BCA14F09D701C5 /* PBXContainerItemProxy */ = {
			isa = PBXContainerItemProxy;
			containerPortal = D72287C3CA7F4F9C38CD605A /* Project object */;
			proxyType = 1;
			remoteGlobalIDString = 9EB5F8D007CF094E489E734A;
			remoteInfo = Sleep;
		};
		98DF78200AB4636A591C231E /* PBXContainerItemProxy */ = {
			isa = PBXContainerItemProxy;
			containerPortal = D72287C3CA7F4F9C38CD605A /* Project object */;
			proxyType = 1;
			remoteGlobalIDString = 9EB5F8D007CF094E489E734A;
			remoteInfo = Sleep;
		};
/* End PBXContainerItemProxy section */

/* Begin PBXFileReference section */
		040697F2F051E1E1903AA488 /* WhoopMigrationTests.swift */ = {isa = PBXFileReference; lastKnownFileType = sourcecode.swift; path = WhoopMigrationTests.swift; sourceTree = "<group>"; };
		050BFB502A6A55E294979B7C /* WhoopReplicaTests.swift */ = {isa = PBXFileReference; lastKnownFileType = sourcecode.swift; path = WhoopReplicaTests.swift; sourceTree = "<group>"; };
		0547807C71E9BE2B1EC86521 /* WhoopStepDayMigration.swift */ = {isa = PBXFileReference; lastKnownFileType = sourcecode.swift; path = WhoopStepDayMigration.swift; sourceTree = "<group>"; };
		076EE844CAA15096FB7C3623 /* WhoopSleepAnalysisTests.swift */ = {isa = PBXFileReference; lastKnownFileType = sourcecode.swift; path = WhoopSleepAnalysisTests.swift; sourceTree = "<group>"; };
		091BB6FB807073CDCD11BDC5 /* WhoopRecoveryModelTests.swift */ = {isa = PBXFileReference; lastKnownFileType = sourcecode.swift; path = WhoopRecoveryModelTests.swift; sourceTree = "<group>"; };
		0AC2FA9FA806C60322E8CA6C /* WhoopTestFrameFactory.swift */ = {isa = PBXFileReference; lastKnownFileType = sourcecode.swift; path = WhoopTestFrameFactory.swift; sourceTree = "<group>"; };
		0CB469B3852FB6D3294099DF /* WhoopProtocol.swift */ = {isa = PBXFileReference; lastKnownFileType = sourcecode.swift; path = WhoopProtocol.swift; sourceTree = "<group>"; };
		0D67C2E6C94DDE79F867C8C6 /* WhoopStorageReliability.swift */ = {isa = PBXFileReference; lastKnownFileType = sourcecode.swift; path = WhoopStorageReliability.swift; sourceTree = "<group>"; };
		15B48DF209E4718B9B379BA5 /* WhoopStepMaterializationTests.swift */ = {isa = PBXFileReference; lastKnownFileType = sourcecode.swift; path = WhoopStepMaterializationTests.swift; sourceTree = "<group>"; };
		164D9603D44A9DD1FBAA34C6 /* StrainEngine.swift */ = {isa = PBXFileReference; lastKnownFileType = sourcecode.swift; path = StrainEngine.swift; sourceTree = "<group>"; };
		16F23ABF4247367F82306518 /* LocalStrainRepositoryTests.swift */ = {isa = PBXFileReference; lastKnownFileType = sourcecode.swift; path = LocalStrainRepositoryTests.swift; sourceTree = "<group>"; };
		17FB3C93091A25C01753B986 /* Assets.xcassets */ = {isa = PBXFileReference; lastKnownFileType = folder.assetcatalog; path = Assets.xcassets; sourceTree = "<group>"; };
		25E46BF848A3B0CE31F74988 /* HealthHistoryModel.swift */ = {isa = PBXFileReference; lastKnownFileType = sourcecode.swift; path = HealthHistoryModel.swift; sourceTree = "<group>"; };
		34128B1D49DD54D79E178CB2 /* WhoopStore.swift */ = {isa = PBXFileReference; lastKnownFileType = sourcecode.swift; path = WhoopStore.swift; sourceTree = "<group>"; };
		34E9715EA448FC5134A25CED /* WhoopPrivateModelTests.swift */ = {isa = PBXFileReference; lastKnownFileType = sourcecode.swift; path = WhoopPrivateModelTests.swift; sourceTree = "<group>"; };
		37CB0C91AE42A5DF1E5FC9CA /* StoreMetadataRepository.swift */ = {isa = PBXFileReference; lastKnownFileType = sourcecode.swift; path = StoreMetadataRepository.swift; sourceTree = "<group>"; };
		3809107A1121151F76D5B4D8 /* DashboardComponents.swift */ = {isa = PBXFileReference; lastKnownFileType = sourcecode.swift; path = DashboardComponents.swift; sourceTree = "<group>"; };
		399E6CB25AC610710C8012EF /* DashboardDatabaseReader.swift */ = {isa = PBXFileReference; lastKnownFileType = sourcecode.swift; path = DashboardDatabaseReader.swift; sourceTree = "<group>"; };
		39CE6A13838892A390C08FCD /* SleepPrivateTests.xctest */ = {isa = PBXFileReference; includeInIndex = 0; lastKnownFileType = wrapper.cfbundle; path = SleepPrivateTests.xctest; sourceTree = BUILT_PRODUCTS_DIR; };
		3CCB3349CEE2670355C28541 /* WhoopBackfillPlannerTests.swift */ = {isa = PBXFileReference; lastKnownFileType = sourcecode.swift; path = WhoopBackfillPlannerTests.swift; sourceTree = "<group>"; };
		3ECA72687BA9425EEE8B38F8 /* RootView.swift */ = {isa = PBXFileReference; lastKnownFileType = sourcecode.swift; path = RootView.swift; sourceTree = "<group>"; };
		3F6D1E0548636B1540ACDE3C /* WhoopDomainTypes.swift */ = {isa = PBXFileReference; lastKnownFileType = sourcecode.swift; path = WhoopDomainTypes.swift; sourceTree = "<group>"; };
		4204AEE4704C8F98E6381F1B /* ScoreModels.swift */ = {isa = PBXFileReference; lastKnownFileType = sourcecode.swift; path = ScoreModels.swift; sourceTree = "<group>"; };
		47124A55241F0D450E3746B1 /* WhoopPacketPersistenceTests.swift */ = {isa = PBXFileReference; lastKnownFileType = sourcecode.swift; path = WhoopPacketPersistenceTests.swift; sourceTree = "<group>"; };
		48C35C4BEADBA6D32F648C1E /* Sleep.app */ = {isa = PBXFileReference; includeInIndex = 0; lastKnownFileType = wrapper.application; path = Sleep.app; sourceTree = BUILT_PRODUCTS_DIR; };
		49E6D91FB80DE29760582729 /* WhoopDeploymentHealthReporterTests.swift */ = {isa = PBXFileReference; lastKnownFileType = sourcecode.swift; path = WhoopDeploymentHealthReporterTests.swift; sourceTree = "<group>"; };
		4A51A1D38E6C2F623FE0E21D /* WhoopStorageTelemetryModels.swift */ = {isa = PBXFileReference; lastKnownFileType = sourcecode.swift; path = WhoopStorageTelemetryModels.swift; sourceTree = "<group>"; };
		4FB6C00FDF2CD81DA997F210 /* SQLiteDatabase.swift */ = {isa = PBXFileReference; lastKnownFileType = sourcecode.swift; path = SQLiteDatabase.swift; sourceTree = "<group>"; };
		57102F2178F998C51E368FD5 /* WhoopLaunchOverrides.swift */ = {isa = PBXFileReference; lastKnownFileType = sourcecode.swift; path = WhoopLaunchOverrides.swift; sourceTree = "<group>"; };
		5AFDD42A4C609A6413DEEC82 /* SleepModels.swift */ = {isa = PBXFileReference; lastKnownFileType = sourcecode.swift; path = SleepModels.swift; sourceTree = "<group>"; };
		5B8F9ADADF7705436F71B83C /* GeneratedModelFeatures.swift */ = {isa = PBXFileReference; lastKnownFileType = sourcecode.swift; path = GeneratedModelFeatures.swift; sourceTree = "<group>"; };
		64308BD33686D78BFFF93E84 /* SleepApp.swift */ = {isa = PBXFileReference; lastKnownFileType = sourcecode.swift; path = SleepApp.swift; sourceTree = "<group>"; };
		66FFE73953723B99EB408655 /* WhoopTestFixtures.swift */ = {isa = PBXFileReference; lastKnownFileType = sourcecode.swift; path = WhoopTestFixtures.swift; sourceTree = "<group>"; };
		6A8AEC67A435000FCD5EDD67 /* MetricCard.swift */ = {isa = PBXFileReference; lastKnownFileType = sourcecode.swift; path = MetricCard.swift; sourceTree = "<group>"; };
		6CCF8A8983AACEB1EC7A72B9 /* WhoopMissedSleepTests.swift */ = {isa = PBXFileReference; lastKnownFileType = sourcecode.swift; path = WhoopMissedSleepTests.swift; sourceTree = "<group>"; };
		6CFDC97B68116A887D9D0DB9 /* model-feature-golden.json */ = {isa = PBXFileReference; lastKnownFileType = text.json; path = "model-feature-golden.json"; sourceTree = "<group>"; };
		6E18F6AC0F8B69DB640032EA /* SummaryRing.swift */ = {isa = PBXFileReference; lastKnownFileType = sourcecode.swift; path = SummaryRing.swift; sourceTree = "<group>"; };
		7078877059437F4D119BC96C /* DashboardCardProjectionTests.swift */ = {isa = PBXFileReference; lastKnownFileType = sourcecode.swift; path = DashboardCardProjectionTests.swift; sourceTree = "<group>"; };
		716DD0127D6C3E71B2B2EE53 /* DashboardHeader.swift */ = {isa = PBXFileReference; lastKnownFileType = sourcecode.swift; path = DashboardHeader.swift; sourceTree = "<group>"; };
		7447BFCD39E872DF3C382FA1 /* WhoopReplicaRecovery.swift */ = {isa = PBXFileReference; lastKnownFileType = sourcecode.swift; path = WhoopReplicaRecovery.swift; sourceTree = "<group>"; };
		7C5DAE43DDB767B5C65FE8A4 /* WhoopTransportPipelineTests.swift */ = {isa = PBXFileReference; lastKnownFileType = sourcecode.swift; path = WhoopTransportPipelineTests.swift; sourceTree = "<group>"; };
		7C8B5553958EDEAA9CBB2ADC /* DemoHistory.swift */ = {isa = PBXFileReference; lastKnownFileType = sourcecode.swift; path = DemoHistory.swift; sourceTree = "<group>"; };
		7E6F7AB280CBFA345F5A99D3 /* WhoopBluetoothPolicyTests.swift */ = {isa = PBXFileReference; lastKnownFileType = sourcecode.swift; path = WhoopBluetoothPolicyTests.swift; sourceTree = "<group>"; };
		8048111276B8577F6DD8A855 /* WhoopTransportPipeline.swift */ = {isa = PBXFileReference; lastKnownFileType = sourcecode.swift; path = WhoopTransportPipeline.swift; sourceTree = "<group>"; };
		8492492D3A3987C509790E1C /* WhoopStorageTelemetryTests.swift */ = {isa = PBXFileReference; lastKnownFileType = sourcecode.swift; path = WhoopStorageTelemetryTests.swift; sourceTree = "<group>"; };
		8868AE127BDE348A1C0C9AAF /* WhoopReplicaCoordinator.swift */ = {isa = PBXFileReference; lastKnownFileType = sourcecode.swift; path = WhoopReplicaCoordinator.swift; sourceTree = "<group>"; };
		8B0E32E21B547DBCEE5C67BB /* Info.plist */ = {isa = PBXFileReference; lastKnownFileType = text.plist; path = Info.plist; sourceTree = "<group>"; };
		8DCF2F73FF16BA2EEF8B3DF9 /* DashboardRepository.swift */ = {isa = PBXFileReference; lastKnownFileType = sourcecode.swift; path = DashboardRepository.swift; sourceTree = "<group>"; };
		8F5D0946204538CAC70DF036 /* WhoopConnectionSession.swift */ = {isa = PBXFileReference; lastKnownFileType = sourcecode.swift; path = WhoopConnectionSession.swift; sourceTree = "<group>"; };
		9440288B0E7996A2E3665CDC /* WhoopStoreModels.swift */ = {isa = PBXFileReference; lastKnownFileType = sourcecode.swift; path = WhoopStoreModels.swift; sourceTree = "<group>"; };
		9E64AEEEBAFBE617F8BEE68B /* DayKey.swift */ = {isa = PBXFileReference; lastKnownFileType = sourcecode.swift; path = DayKey.swift; sourceTree = "<group>"; };
		9FA8ED17408466F88E8FA478 /* WhoopBackfillPlanner.swift */ = {isa = PBXFileReference; lastKnownFileType = sourcecode.swift; path = WhoopBackfillPlanner.swift; sourceTree = "<group>"; };
		A0F9C972CD43F547A9632824 /* WhoopStorageTelemetry.swift */ = {isa = PBXFileReference; lastKnownFileType = sourcecode.swift; path = WhoopStorageTelemetry.swift; sourceTree = "<group>"; };
		A161A64BE465FB4CF891102C /* SleepUITests.swift */ = {isa = PBXFileReference; lastKnownFileType = sourcecode.swift; path = SleepUITests.swift; sourceTree = "<group>"; };
		A4F743C5C57B6B4700E30C29 /* WhoopReplicaClient.swift */ = {isa = PBXFileReference; lastKnownFileType = sourcecode.swift; path = WhoopReplicaClient.swift; sourceTree = "<group>"; };
		A84E031074D8289CE6323A79 /* DayKeyTests.swift */ = {isa = PBXFileReference; lastKnownFileType = sourcecode.swift; path = DayKeyTests.swift; sourceTree = "<group>"; };
		A8E4DE7B693F5B664AA67C5A /* WhoopReplicaSnapshotter.swift */ = {isa = PBXFileReference; lastKnownFileType = sourcecode.swift; path = WhoopReplicaSnapshotter.swift; sourceTree = "<group>"; };
		A915438470BA7CA309A59AB2 /* WhoopPacketEnvelope.swift */ = {isa = PBXFileReference; lastKnownFileType = sourcecode.swift; path = WhoopPacketEnvelope.swift; sourceTree = "<group>"; };
		ACA50ED0CA372D20A4C7FCC2 /* WhoopHandshakeProbe.swift */ = {isa = PBXFileReference; lastKnownFileType = sourcecode.swift; path = WhoopHandshakeProbe.swift; sourceTree = "<group>"; };
		B0A89FD93D426348F4C6177A /* WhoopRuntimeDiagnostics.swift */ = {isa = PBXFileReference; lastKnownFileType = sourcecode.swift; path = WhoopRuntimeDiagnostics.swift; sourceTree = "<group>"; };
		B1416DDBCEB7440200CDADF3 /* MetricValue.swift */ = {isa = PBXFileReference; lastKnownFileType = sourcecode.swift; path = MetricValue.swift; sourceTree = "<group>"; };
		B7B060DFAE4F0CF319ED266C /* SleepTests.xctest */ = {isa = PBXFileReference; includeInIndex = 0; lastKnownFileType = wrapper.cfbundle; path = SleepTests.xctest; sourceTree = BUILT_PRODUCTS_DIR; };
		BA5D8D2CB1CF6BBD981621C4 /* WhoopNotificationManagerTests.swift */ = {isa = PBXFileReference; lastKnownFileType = sourcecode.swift; path = WhoopNotificationManagerTests.swift; sourceTree = "<group>"; };
		BAC12C50E6EC2893C8AFBA3B /* Theme.swift */ = {isa = PBXFileReference; lastKnownFileType = sourcecode.swift; path = Theme.swift; sourceTree = "<group>"; };
		BDB8AA26CCBFED085E8C1079 /* DashboardBehaviorTests.swift */ = {isa = PBXFileReference; lastKnownFileType = sourcecode.swift; path = DashboardBehaviorTests.swift; sourceTree = "<group>"; };
		C08B65E67D08A01C62A13C9E /* WhoopReliabilityTests.swift */ = {isa = PBXFileReference; lastKnownFileType = sourcecode.swift; path = WhoopReliabilityTests.swift; sourceTree = "<group>"; };
		C442349478C5381E6E9687C7 /* ChartAverageSteps.swift */ = {isa = PBXFileReference; lastKnownFileType = sourcecode.swift; path = ChartAverageSteps.swift; sourceTree = "<group>"; };
		C64559828E79DB6EC5514DB2 /* ModelFeatureGoldenVectorTests.swift */ = {isa = PBXFileReference; lastKnownFileType = sourcecode.swift; path = ModelFeatureGoldenVectorTests.swift; sourceTree = "<group>"; };
		C7932959CC96DD16B2AD925D /* WhoopPowerPackMonitor.swift */ = {isa = PBXFileReference; lastKnownFileType = sourcecode.swift; path = WhoopPowerPackMonitor.swift; sourceTree = "<group>"; };
		CCA3A18B9DA557D605FBC178 /* WhoopStorageTelemetryCensus.swift */ = {isa = PBXFileReference; lastKnownFileType = sourcecode.swift; path = WhoopStorageTelemetryCensus.swift; sourceTree = "<group>"; };
		CD38AB35480B8A5A3AEAC0EF /* WhoopSleepSessionPolicy.swift */ = {isa = PBXFileReference; lastKnownFileType = sourcecode.swift; path = WhoopSleepSessionPolicy.swift; sourceTree = "<group>"; };
		D0EBA7B3CE7453E056495763 /* WhoopHistoricalSyncState.swift */ = {isa = PBXFileReference; lastKnownFileType = sourcecode.swift; path = WhoopHistoricalSyncState.swift; sourceTree = "<group>"; };
		D4BC150B5486DA4E23044DEF /* StrainEngineTests.swift */ = {isa = PBXFileReference; lastKnownFileType = sourcecode.swift; path = StrainEngineTests.swift; sourceTree = "<group>"; };
		D51AB4CF90B3A7DFCDBFB8DF /* WhoopReplicaModels.swift */ = {isa = PBXFileReference; lastKnownFileType = sourcecode.swift; path = WhoopReplicaModels.swift; sourceTree = "<group>"; };
		DCE7A9EE3420191E08AFA212 /* DashboardCardData.swift */ = {isa = PBXFileReference; lastKnownFileType = sourcecode.swift; path = DashboardCardData.swift; sourceTree = "<group>"; };
		E337614D3958D7A40C244A3A /* WhoopBluetoothPolicy.swift */ = {isa = PBXFileReference; lastKnownFileType = sourcecode.swift; path = WhoopBluetoothPolicy.swift; sourceTree = "<group>"; };
		E8E4CD117F96924AF01CBEB2 /* LocalStrainRepository.swift */ = {isa = PBXFileReference; lastKnownFileType = sourcecode.swift; path = LocalStrainRepository.swift; sourceTree = "<group>"; };
		F4E43D21E56AEF3B5C900AAB /* SleepUITests.xctest */ = {isa = PBXFileReference; includeInIndex = 0; lastKnownFileType = wrapper.cfbundle; path = SleepUITests.xctest; sourceTree = BUILT_PRODUCTS_DIR; };
		FFE526F33EEDC43EE573643D /* WhoopDeploymentHealthReporter.swift */ = {isa = PBXFileReference; lastKnownFileType = sourcecode.swift; path = WhoopDeploymentHealthReporter.swift; sourceTree = "<group>"; };
		FFE8727737E6924191C100F9 /* DashboardCardProjection.swift */ = {isa = PBXFileReference; lastKnownFileType = sourcecode.swift; path = DashboardCardProjection.swift; sourceTree = "<group>"; };
/* End PBXFileReference section */

/* Begin PBXGroup section */
		7559385A604189F1F8252B3B /* SleepUITests */ = {
			isa = PBXGroup;
			children = (
				A161A64BE465FB4CF891102C /* SleepUITests.swift */,
			);
			path = SleepUITests;
			sourceTree = "<group>";
		};
		7D942A0809C72AE12BFA70BF /* SleepPrivateTests */ = {
			isa = PBXGroup;
			children = (
				C64559828E79DB6EC5514DB2 /* ModelFeatureGoldenVectorTests.swift */,
				34E9715EA448FC5134A25CED /* WhoopPrivateModelTests.swift */,
				FA8DF617C34425067A6FBFFE /* Fixtures */,
			);
			path = SleepPrivateTests;
			sourceTree = "<group>";
		};
		80DEC4C4DBB50CD649290670 /* Products */ = {
			isa = PBXGroup;
			children = (
				48C35C4BEADBA6D32F648C1E /* Sleep.app */,
				39CE6A13838892A390C08FCD /* SleepPrivateTests.xctest */,
				B7B060DFAE4F0CF319ED266C /* SleepTests.xctest */,
				F4E43D21E56AEF3B5C900AAB /* SleepUITests.xctest */,
			);
			name = Products;
			sourceTree = "<group>";
		};
		8B593030069B7CA3EB6D542E /* SleepApp */ = {
			isa = PBXGroup;
			children = (
				17FB3C93091A25C01753B986 /* Assets.xcassets */,
				C442349478C5381E6E9687C7 /* ChartAverageSteps.swift */,
				DCE7A9EE3420191E08AFA212 /* DashboardCardData.swift */,
				FFE8727737E6924191C100F9 /* DashboardCardProjection.swift */,
				3809107A1121151F76D5B4D8 /* DashboardComponents.swift */,
				716DD0127D6C3E71B2B2EE53 /* DashboardHeader.swift */,
				9E64AEEEBAFBE617F8BEE68B /* DayKey.swift */,
				7C8B5553958EDEAA9CBB2ADC /* DemoHistory.swift */,
				5B8F9ADADF7705436F71B83C /* GeneratedModelFeatures.swift */,
				25E46BF848A3B0CE31F74988 /* HealthHistoryModel.swift */,
				8B0E32E21B547DBCEE5C67BB /* Info.plist */,
				6A8AEC67A435000FCD5EDD67 /* MetricCard.swift */,
				B1416DDBCEB7440200CDADF3 /* MetricValue.swift */,
				3ECA72687BA9425EEE8B38F8 /* RootView.swift */,
				4204AEE4704C8F98E6381F1B /* ScoreModels.swift */,
				64308BD33686D78BFFF93E84 /* SleepApp.swift */,
				5AFDD42A4C609A6413DEEC82 /* SleepModels.swift */,
				6E18F6AC0F8B69DB640032EA /* SummaryRing.swift */,
				BAC12C50E6EC2893C8AFBA3B /* Theme.swift */,
				57102F2178F998C51E368FD5 /* WhoopLaunchOverrides.swift */,
			);
			path = SleepApp;
			sourceTree = "<group>";
		};
		A2EFD037B81E2F29F0D42053 = {
			isa = PBXGroup;
			children = (
				8B593030069B7CA3EB6D542E /* SleepApp */,
				7D942A0809C72AE12BFA70BF /* SleepPrivateTests */,
				B87C1B89EE4AEC8D322AF1F7 /* SleepTests */,
				7559385A604189F1F8252B3B /* SleepUITests */,
				DDCB9E698C64F40842261644 /* WhoopHandshakeApp */,
				80DEC4C4DBB50CD649290670 /* Products */,
			);
			sourceTree = "<group>";
		};
		B87C1B89EE4AEC8D322AF1F7 /* SleepTests */ = {
			isa = PBXGroup;
			children = (
				BDB8AA26CCBFED085E8C1079 /* DashboardBehaviorTests.swift */,
				7078877059437F4D119BC96C /* DashboardCardProjectionTests.swift */,
				A84E031074D8289CE6323A79 /* DayKeyTests.swift */,
				16F23ABF4247367F82306518 /* LocalStrainRepositoryTests.swift */,
				D4BC150B5486DA4E23044DEF /* StrainEngineTests.swift */,
				3CCB3349CEE2670355C28541 /* WhoopBackfillPlannerTests.swift */,
				7E6F7AB280CBFA345F5A99D3 /* WhoopBluetoothPolicyTests.swift */,
				49E6D91FB80DE29760582729 /* WhoopDeploymentHealthReporterTests.swift */,
				040697F2F051E1E1903AA488 /* WhoopMigrationTests.swift */,
				6CCF8A8983AACEB1EC7A72B9 /* WhoopMissedSleepTests.swift */,
				BA5D8D2CB1CF6BBD981621C4 /* WhoopNotificationManagerTests.swift */,
				47124A55241F0D450E3746B1 /* WhoopPacketPersistenceTests.swift */,
				091BB6FB807073CDCD11BDC5 /* WhoopRecoveryModelTests.swift */,
				C08B65E67D08A01C62A13C9E /* WhoopReliabilityTests.swift */,
				050BFB502A6A55E294979B7C /* WhoopReplicaTests.swift */,
				076EE844CAA15096FB7C3623 /* WhoopSleepAnalysisTests.swift */,
				15B48DF209E4718B9B379BA5 /* WhoopStepMaterializationTests.swift */,
				8492492D3A3987C509790E1C /* WhoopStorageTelemetryTests.swift */,
				66FFE73953723B99EB408655 /* WhoopTestFixtures.swift */,
				0AC2FA9FA806C60322E8CA6C /* WhoopTestFrameFactory.swift */,
				7C5DAE43DDB767B5C65FE8A4 /* WhoopTransportPipelineTests.swift */,
			);
			path = SleepTests;
			sourceTree = "<group>";
		};
		DDCB9E698C64F40842261644 /* WhoopHandshakeApp */ = {
			isa = PBXGroup;
			children = (
				399E6CB25AC610710C8012EF /* DashboardDatabaseReader.swift */,
				8DCF2F73FF16BA2EEF8B3DF9 /* DashboardRepository.swift */,
				E8E4CD117F96924AF01CBEB2 /* LocalStrainRepository.swift */,
				4FB6C00FDF2CD81DA997F210 /* SQLiteDatabase.swift */,
				37CB0C91AE42A5DF1E5FC9CA /* StoreMetadataRepository.swift */,
				164D9603D44A9DD1FBAA34C6 /* StrainEngine.swift */,
				9FA8ED17408466F88E8FA478 /* WhoopBackfillPlanner.swift */,
				E337614D3958D7A40C244A3A /* WhoopBluetoothPolicy.swift */,
				8F5D0946204538CAC70DF036 /* WhoopConnectionSession.swift */,
				FFE526F33EEDC43EE573643D /* WhoopDeploymentHealthReporter.swift */,
				3F6D1E0548636B1540ACDE3C /* WhoopDomainTypes.swift */,
				ACA50ED0CA372D20A4C7FCC2 /* WhoopHandshakeProbe.swift */,
				D0EBA7B3CE7453E056495763 /* WhoopHistoricalSyncState.swift */,
				A915438470BA7CA309A59AB2 /* WhoopPacketEnvelope.swift */,
				C7932959CC96DD16B2AD925D /* WhoopPowerPackMonitor.swift */,
				0CB469B3852FB6D3294099DF /* WhoopProtocol.swift */,
				A4F743C5C57B6B4700E30C29 /* WhoopReplicaClient.swift */,
				8868AE127BDE348A1C0C9AAF /* WhoopReplicaCoordinator.swift */,
				D51AB4CF90B3A7DFCDBFB8DF /* WhoopReplicaModels.swift */,
				7447BFCD39E872DF3C382FA1 /* WhoopReplicaRecovery.swift */,
				A8E4DE7B693F5B664AA67C5A /* WhoopReplicaSnapshotter.swift */,
				B0A89FD93D426348F4C6177A /* WhoopRuntimeDiagnostics.swift */,
				CD38AB35480B8A5A3AEAC0EF /* WhoopSleepSessionPolicy.swift */,
				0547807C71E9BE2B1EC86521 /* WhoopStepDayMigration.swift */,
				0D67C2E6C94DDE79F867C8C6 /* WhoopStorageReliability.swift */,
				A0F9C972CD43F547A9632824 /* WhoopStorageTelemetry.swift */,
				CCA3A18B9DA557D605FBC178 /* WhoopStorageTelemetryCensus.swift */,
				4A51A1D38E6C2F623FE0E21D /* WhoopStorageTelemetryModels.swift */,
				34128B1D49DD54D79E178CB2 /* WhoopStore.swift */,
				9440288B0E7996A2E3665CDC /* WhoopStoreModels.swift */,
				8048111276B8577F6DD8A855 /* WhoopTransportPipeline.swift */,
			);
			path = WhoopHandshakeApp;
			sourceTree = "<group>";
		};
		FA8DF617C34425067A6FBFFE /* Fixtures */ = {
			isa = PBXGroup;
			children = (
				6CFDC97B68116A887D9D0DB9 /* model-feature-golden.json */,
			);
			path = Fixtures;
			sourceTree = "<group>";
		};
/* End PBXGroup section */

/* Begin PBXNativeTarget section */
		6132137A8CF73AB865D1CD06 /* SleepPrivateTests */ = {
			isa = PBXNativeTarget;
			buildConfigurationList = 8A1CC960EDC3593F3B7EC25C /* Build configuration list for PBXNativeTarget "SleepPrivateTests" */;
			buildPhases = (
				CD8B5CBFD1F78A969428DE81 /* Sources */,
				5A6E17A6703ECE446D268434 /* Resources */,
			);
			buildRules = (
			);
			dependencies = (
				24049490D8E9F9A781C64E6F /* PBXTargetDependency */,
			);
			name = SleepPrivateTests;
			packageProductDependencies = (
			);
			productName = SleepPrivateTests;
			productReference = 39CE6A13838892A390C08FCD /* SleepPrivateTests.xctest */;
			productType = "com.apple.product-type.bundle.unit-test";
		};
		9E8275851F9D82497491ACD0 /* SleepTests */ = {
			isa = PBXNativeTarget;
			buildConfigurationList = E90BF44CD43E6A84F10E65E6 /* Build configuration list for PBXNativeTarget "SleepTests" */;
			buildPhases = (
				AF266BAD8665F8C2633190A0 /* Sources */,
			);
			buildRules = (
			);
			dependencies = (
				EA209D3BC8EB02DFE555133F /* PBXTargetDependency */,
			);
			name = SleepTests;
			packageProductDependencies = (
			);
			productName = SleepTests;
			productReference = B7B060DFAE4F0CF319ED266C /* SleepTests.xctest */;
			productType = "com.apple.product-type.bundle.unit-test";
		};
		9EB5F8D007CF094E489E734A /* Sleep */ = {
			isa = PBXNativeTarget;
			buildConfigurationList = C595061A14557CD32B2A58E3 /* Build configuration list for PBXNativeTarget "Sleep" */;
			buildPhases = (
				78A7E679C878D906D34E8B93 /* Sources */,
				1193C4D79C1D7301DAB91227 /* Resources */,
				700CB5C88CE6C406D424C4AA /* Embed private WHOOP history */,
			);
			buildRules = (
			);
			dependencies = (
			);
			name = Sleep;
			packageProductDependencies = (
			);
			productName = Sleep;
			productReference = 48C35C4BEADBA6D32F648C1E /* Sleep.app */;
			productType = "com.apple.product-type.application";
		};
		E3D4ECFBF7AA203F90DAA328 /* SleepUITests */ = {
			isa = PBXNativeTarget;
			buildConfigurationList = 886D755D9E7903C0C6EF9B11 /* Build configuration list for PBXNativeTarget "SleepUITests" */;
			buildPhases = (
				2C786F347A88435467D8E915 /* Sources */,
			);
			buildRules = (
			);
			dependencies = (
				216D1732F90F1B81BE2FF540 /* PBXTargetDependency */,
			);
			name = SleepUITests;
			packageProductDependencies = (
			);
			productName = SleepUITests;
			productReference = F4E43D21E56AEF3B5C900AAB /* SleepUITests.xctest */;
			productType = "com.apple.product-type.bundle.ui-testing";
		};
/* End PBXNativeTarget section */

/* Begin PBXProject section */
		D72287C3CA7F4F9C38CD605A /* Project object */ = {
			isa = PBXProject;
			attributes = {
				BuildIndependentTargetsInParallel = YES;
				LastUpgradeCheck = 1430;
				TargetAttributes = {
					9EB5F8D007CF094E489E734A = {
						DevelopmentTeam = WM8M9CQZF8;
						ProvisioningStyle = Automatic;
					};
					E3D4ECFBF7AA203F90DAA328 = {
						TestTargetID = 9EB5F8D007CF094E489E734A;
					};
				};
			};
			buildConfigurationList = 0B3DC4FDC6C3209F4778EA07 /* Build configuration list for PBXProject "Sleep" */;
			developmentRegion = en;
			hasScannedForEncodings = 0;
			knownRegions = (
				Base,
				en,
			);
			mainGroup = A2EFD037B81E2F29F0D42053;
			minimizedProjectReferenceProxies = 1;
			preferredProjectObjectVersion = 77;
			productRefGroup = 80DEC4C4DBB50CD649290670 /* Products */;
			projectDirPath = "";
			projectRoot = "";
			targets = (
				9EB5F8D007CF094E489E734A /* Sleep */,
				9E8275851F9D82497491ACD0 /* SleepTests */,
				E3D4ECFBF7AA203F90DAA328 /* SleepUITests */,
				6132137A8CF73AB865D1CD06 /* SleepPrivateTests */,
			);
		};
/* End PBXProject section */

/* Begin PBXResourcesBuildPhase section */
		1193C4D79C1D7301DAB91227 /* Resources */ = {
			isa = PBXResourcesBuildPhase;
			buildActionMask = 2147483647;
			files = (
				17219C52B7BB1E5EF0CEBC41 /* Assets.xcassets in Resources */,
			);
			runOnlyForDeploymentPostprocessing = 0;
		};
		5A6E17A6703ECE446D268434 /* Resources */ = {
			isa = PBXResourcesBuildPhase;
			buildActionMask = 2147483647;
			files = (
				6C7266E70DD8CAA12AC51231 /* model-feature-golden.json in Resources */,
			);
			runOnlyForDeploymentPostprocessing = 0;
		};
/* End PBXResourcesBuildPhase section */

/* Begin PBXShellScriptBuildPhase section */
		700CB5C88CE6C406D424C4AA /* Embed private WHOOP history */ = {
			isa = PBXShellScriptBuildPhase;
			alwaysOutOfDate = 1;
			buildActionMask = 2147483647;
			files = (
			);
			inputFileListPaths = (
			);
			inputPaths = (
			);
			name = "Embed private WHOOP history";
			outputFileListPaths = (
			);
			outputPaths = (
			);
			runOnlyForDeploymentPostprocessing = 0;
			shellPath = /bin/sh;
			shellScript = "\"${SRCROOT}/Tools/embed_private_assets.sh\"\n";
		};
/* End PBXShellScriptBuildPhase section */

/* Begin PBXSourcesBuildPhase section */
		2C786F347A88435467D8E915 /* Sources */ = {
			isa = PBXSourcesBuildPhase;
			buildActionMask = 2147483647;
			files = (
				137C1F2AE3316E17CABEFB95 /* SleepUITests.swift in Sources */,
			);
			runOnlyForDeploymentPostprocessing = 0;
		};
		78A7E679C878D906D34E8B93 /* Sources */ = {
			isa = PBXSourcesBuildPhase;
			buildActionMask = 2147483647;
			files = (
				E6B53877D0464F513762B2C4 /* ChartAverageSteps.swift in Sources */,
				87233AFD908BC184BBA976D5 /* DashboardCardData.swift in Sources */,
				B1A2809D8FE994408F7D20DD /* DashboardCardProjection.swift in Sources */,
				49AB45DE757D54D018ABB473 /* DashboardComponents.swift in Sources */,
				BE1A47FC4A13BE01CB72B9B9 /* DashboardDatabaseReader.swift in Sources */,
				76B1F55DB96AC164617E6263 /* DashboardHeader.swift in Sources */,
				92012161C9ACA7A94CFBBA7F /* DashboardRepository.swift in Sources */,
				2F022808C7E391537959A053 /* DayKey.swift in Sources */,
				D29531FAECFFB84715E0D80C /* DemoHistory.swift in Sources */,
				37B811C05E5DEB8261088DB0 /* GeneratedModelFeatures.swift in Sources */,
				679CCD419862149E0C72EF4C /* HealthHistoryModel.swift in Sources */,
				B54F36D3B07E275DC572801B /* LocalStrainRepository.swift in Sources */,
				EC4B78C393047300ECBD6A99 /* MetricCard.swift in Sources */,
				7E33C39132A8DFE65DD29C40 /* MetricValue.swift in Sources */,
				DB61E79F693E407B5086D2EF /* RootView.swift in Sources */,
				DE8477B9857DFF48AA3CA8A0 /* SQLiteDatabase.swift in Sources */,
				6AFCBC389F1511CB9ECE0C8D /* ScoreModels.swift in Sources */,
				58D3DEF10CE8C5D53FB5BFE4 /* SleepApp.swift in Sources */,
				0780C3754CF52E55C4490DC2 /* SleepModels.swift in Sources */,
				65CA4677F6C245C4664E9FF6 /* StoreMetadataRepository.swift in Sources */,
				F1E38671A319E2B33048F292 /* StrainEngine.swift in Sources */,
				7285F8F1456A2E8B06CE0815 /* SummaryRing.swift in Sources */,
				C287F1CAD94082A60F7F0D33 /* Theme.swift in Sources */,
				752DB7D44DD473D4A88795B8 /* WhoopBackfillPlanner.swift in Sources */,
				928DF56ADE0EE3B29935115F /* WhoopBluetoothPolicy.swift in Sources */,
				6A086A662BEE273EF6C53535 /* WhoopConnectionSession.swift in Sources */,
				ED4B0593B4B893B4414DDEDE /* WhoopDeploymentHealthReporter.swift in Sources */,
				580D826D5EF369356D641ABF /* WhoopDomainTypes.swift in Sources */,
				44838C3AC065F48BBA97B9C6 /* WhoopHandshakeProbe.swift in Sources */,
				9C81114036D776D1224473ED /* WhoopHistoricalSyncState.swift in Sources */,
				8FF94A6FB80D20447C95889D /* WhoopLaunchOverrides.swift in Sources */,
				BDFAFF674B60CF9A6C7F5583 /* WhoopPacketEnvelope.swift in Sources */,
				F7C2775BDF7ED586CCC62887 /* WhoopPowerPackMonitor.swift in Sources */,
				9072C8D530E6F2332C373F82 /* WhoopProtocol.swift in Sources */,
				EDFCA80D066F0EC111DD028C /* WhoopReplicaClient.swift in Sources */,
				9D764CB8FF0D4AB14C8ED719 /* WhoopReplicaCoordinator.swift in Sources */,
				E2B682FB5DC45956A63744D2 /* WhoopReplicaModels.swift in Sources */,
				1587ACA6955C32F4EA8CFD1C /* WhoopReplicaRecovery.swift in Sources */,
				4112D89C13C8B64F5B12A7A4 /* WhoopReplicaSnapshotter.swift in Sources */,
				334963B6F896820E0164B9AC /* WhoopRuntimeDiagnostics.swift in Sources */,
				BF4388334F63CB6C14B6D1A2 /* WhoopSleepSessionPolicy.swift in Sources */,
				B4DA71204B2FAD73001752A3 /* WhoopStepDayMigration.swift in Sources */,
				DCD341A0BEB7C24CDDB5DC59 /* WhoopStorageReliability.swift in Sources */,
				BB4DCB3FFF1EE3EEA05CC1A1 /* WhoopStorageTelemetry.swift in Sources */,
				6656E4EFFD958DF273A88B86 /* WhoopStorageTelemetryCensus.swift in Sources */,
				D63687041869BB4EF8C234C2 /* WhoopStorageTelemetryModels.swift in Sources */,
				5D38DACDD5370856CB867D42 /* WhoopStore.swift in Sources */,
				DC77ADE6C8C5AA97F4D0AB58 /* WhoopStoreModels.swift in Sources */,
				547CEA6F92843D9FA5E416BA /* WhoopTransportPipeline.swift in Sources */,
			);
			runOnlyForDeploymentPostprocessing = 0;
		};
		AF266BAD8665F8C2633190A0 /* Sources */ = {
			isa = PBXSourcesBuildPhase;
			buildActionMask = 2147483647;
			files = (
				1B298114C565D5DDABC9529F /* DashboardBehaviorTests.swift in Sources */,
				C3287342FD439B420AEDC31D /* DashboardCardProjectionTests.swift in Sources */,
				9E3604230102A49657DFDE63 /* DayKeyTests.swift in Sources */,
				C2BFE015B1E257ABC9593D0D /* LocalStrainRepositoryTests.swift in Sources */,
				FF5F2B3BFBB430A4F6F1FD5F /* StrainEngineTests.swift in Sources */,
				8F913BC7DF69EAA29C7C560F /* WhoopBackfillPlannerTests.swift in Sources */,
				D9FAE8287E22B5B123B76660 /* WhoopBluetoothPolicyTests.swift in Sources */,
				1D4515B211EAC64CCCE49ABB /* WhoopDeploymentHealthReporterTests.swift in Sources */,
				5BB2733287B2BA9DAABD10ED /* WhoopMigrationTests.swift in Sources */,
				20EC2CFBD753BEF928989A9D /* WhoopMissedSleepTests.swift in Sources */,
				8139089A65869D183B4C420D /* WhoopNotificationManagerTests.swift in Sources */,
				4FDB88A26E0B2666ACD32173 /* WhoopPacketPersistenceTests.swift in Sources */,
				278123D93D1533916BB2FD27 /* WhoopRecoveryModelTests.swift in Sources */,
				8D60C001806FF42905242109 /* WhoopReliabilityTests.swift in Sources */,
				BD7C388EF4924EF39E99575F /* WhoopReplicaTests.swift in Sources */,
				476A5C69503860B5B4D2BC84 /* WhoopSleepAnalysisTests.swift in Sources */,
				2CA17A6E166ABF18B63E7337 /* WhoopStepMaterializationTests.swift in Sources */,
				8F7A0EBCD6AA6669C5472464 /* WhoopStorageTelemetryTests.swift in Sources */,
				7DF2414F56E0FD76A096BCD8 /* WhoopTestFixtures.swift in Sources */,
				CFD8A1ADF45336338058B536 /* WhoopTestFrameFactory.swift in Sources */,
				2790E669FB765D2099E6C7E0 /* WhoopTransportPipelineTests.swift in Sources */,
			);
			runOnlyForDeploymentPostprocessing = 0;
		};
		CD8B5CBFD1F78A969428DE81 /* Sources */ = {
			isa = PBXSourcesBuildPhase;
			buildActionMask = 2147483647;
			files = (
				99A65963BED0E6686FF33D24 /* ModelFeatureGoldenVectorTests.swift in Sources */,
				9D1B418868E36CCC77E7B249 /* WhoopPrivateModelTests.swift in Sources */,
			);
			runOnlyForDeploymentPostprocessing = 0;
		};
/* End PBXSourcesBuildPhase section */

/* Begin PBXTargetDependency section */
		216D1732F90F1B81BE2FF540 /* PBXTargetDependency */ = {
			isa = PBXTargetDependency;
			target = 9EB5F8D007CF094E489E734A /* Sleep */;
			targetProxy = 595AFBD211BCA14F09D701C5 /* PBXContainerItemProxy */;
		};
		24049490D8E9F9A781C64E6F /* PBXTargetDependency */ = {
			isa = PBXTargetDependency;
			target = 9EB5F8D007CF094E489E734A /* Sleep */;
			targetProxy = 98DF78200AB4636A591C231E /* PBXContainerItemProxy */;
		};
		EA209D3BC8EB02DFE555133F /* PBXTargetDependency */ = {
			isa = PBXTargetDependency;
			target = 9EB5F8D007CF094E489E734A /* Sleep */;
			targetProxy = 50D26755D5F855E1C632BD7B /* PBXContainerItemProxy */;
		};
/* End PBXTargetDependency section */

/* Begin XCBuildConfiguration section */
		28323C1B53E3D9F060198CB1 /* Release */ = {
			isa = XCBuildConfiguration;
			buildSettings = {
				BUNDLE_LOADER = "$(TEST_HOST)";
				GENERATE_INFOPLIST_FILE = YES;
				LD_RUNPATH_SEARCH_PATHS = (
					"$(inherited)",
					"@executable_path/Frameworks",
					"@loader_path/Frameworks",
				);
				PRODUCT_BUNDLE_IDENTIFIER = "com.clintonst.sideload.sleep.private-tests";
				SDKROOT = iphoneos;
				TARGETED_DEVICE_FAMILY = "1,2";
				TEST_HOST = "$(BUILT_PRODUCTS_DIR)/WHOOP.app/WHOOP";
			};
			name = Release;
		};
		2F775B390DCFEA2E894E0D20 /* Release */ = {
			isa = XCBuildConfiguration;
			buildSettings = {
				BUNDLE_LOADER = "$(TEST_HOST)";
				GENERATE_INFOPLIST_FILE = YES;
				LD_RUNPATH_SEARCH_PATHS = (
					"$(inherited)",
					"@executable_path/Frameworks",
					"@loader_path/Frameworks",
				);
				PRODUCT_BUNDLE_IDENTIFIER = "com.clintonst.sideload.sleep.ui-tests";
				SDKROOT = iphoneos;
				TARGETED_DEVICE_FAMILY = "1,2";
				TEST_TARGET_NAME = Sleep;
			};
			name = Release;
		};
		37C0CCE708B5E5F62E7F81DD /* Debug */ = {
			isa = XCBuildConfiguration;
			buildSettings = {
				BUNDLE_LOADER = "$(TEST_HOST)";
				GENERATE_INFOPLIST_FILE = YES;
				LD_RUNPATH_SEARCH_PATHS = (
					"$(inherited)",
					"@executable_path/Frameworks",
					"@loader_path/Frameworks",
				);
				PRODUCT_BUNDLE_IDENTIFIER = com.clintonst.sideload.sleep.tests;
				SDKROOT = iphoneos;
				TARGETED_DEVICE_FAMILY = "1,2";
				TEST_HOST = "$(BUILT_PRODUCTS_DIR)/WHOOP.app/WHOOP";
			};
			name = Debug;
		};
		6F3CDA485C41A1450BFA4D76 /* Debug */ = {
			isa = XCBuildConfiguration;
			buildSettings = {
				BUNDLE_LOADER = "$(TEST_HOST)";
				GENERATE_INFOPLIST_FILE = YES;
				LD_RUNPATH_SEARCH_PATHS = (
					"$(inherited)",
					"@executable_path/Frameworks",
					"@loader_path/Frameworks",
				);
				PRODUCT_BUNDLE_IDENTIFIER = "com.clintonst.sideload.sleep.ui-tests";
				SDKROOT = iphoneos;
				TARGETED_DEVICE_FAMILY = "1,2";
				TEST_TARGET_NAME = Sleep;
			};
			name = Debug;
		};
		76B2BAA8C9E44CE16EB7B5F6 /* Debug */ = {
			isa = XCBuildConfiguration;
			buildSettings = {
				ASSETCATALOG_COMPILER_APPICON_NAME = AppIcon;
				CODE_SIGN_IDENTITY = "iPhone Developer";
				CODE_SIGN_STYLE = Automatic;
				DEVELOPMENT_TEAM = WM8M9CQZF8;
				INFOPLIST_FILE = SleepApp/Info.plist;
				LD_RUNPATH_SEARCH_PATHS = (
					"$(inherited)",
					"@executable_path/Frameworks",
				);
				PRODUCT_BUNDLE_IDENTIFIER = com.clintonst.sideload.sleep;
				PRODUCT_MODULE_NAME = Sleep;
				PRODUCT_NAME = WHOOP;
				SDKROOT = iphoneos;
				TARGETED_DEVICE_FAMILY = 1;
			};
			name = Debug;
		};
		77FC8490614BE91CDCA76A74 /* Release */ = {
			isa = XCBuildConfiguration;
			buildSettings = {
				ASSETCATALOG_COMPILER_APPICON_NAME = AppIcon;
				CODE_SIGN_IDENTITY = "iPhone Developer";
				CODE_SIGN_STYLE = Automatic;
				DEVELOPMENT_TEAM = WM8M9CQZF8;
				INFOPLIST_FILE = SleepApp/Info.plist;
				LD_RUNPATH_SEARCH_PATHS = (
					"$(inherited)",
					"@executable_path/Frameworks",
				);
				PRODUCT_BUNDLE_IDENTIFIER = com.clintonst.sideload.sleep;
				PRODUCT_MODULE_NAME = Sleep;
				PRODUCT_NAME = WHOOP;
				SDKROOT = iphoneos;
				TARGETED_DEVICE_FAMILY = 1;
			};
			name = Release;
		};
		8F32F06C59008761AA0A2E56 /* Release */ = {
			isa = XCBuildConfiguration;
			buildSettings = {
				BUNDLE_LOADER = "$(TEST_HOST)";
				GENERATE_INFOPLIST_FILE = YES;
				LD_RUNPATH_SEARCH_PATHS = (
					"$(inherited)",
					"@executable_path/Frameworks",
					"@loader_path/Frameworks",
				);
				PRODUCT_BUNDLE_IDENTIFIER = com.clintonst.sideload.sleep.tests;
				SDKROOT = iphoneos;
				TARGETED_DEVICE_FAMILY = "1,2";
				TEST_HOST = "$(BUILT_PRODUCTS_DIR)/WHOOP.app/WHOOP";
			};
			name = Release;
		};
		B2536D8B7408700A5DEECEE0 /* Debug */ = {
			isa = XCBuildConfiguration;
			buildSettings = {
				ALWAYS_SEARCH_USER_PATHS = NO;
				CLANG_ANALYZER_LOCALIZABILITY_NONLOCALIZED = YES;
				CLANG_ANALYZER_NONNULL = YES;
				CLANG_ANALYZER_NUMBER_OBJECT_CONVERSION = YES_AGGRESSIVE;
				CLANG_CXX_LANGUAGE_STANDARD = "gnu++14";
				CLANG_CXX_LIBRARY = "libc++";
				CLANG_ENABLE_MODULES = YES;
				CLANG_ENABLE_OBJC_ARC = YES;
				CLANG_ENABLE_OBJC_WEAK = YES;
				CLANG_WARN_BLOCK_CAPTURE_AUTORELEASING = YES;
				CLANG_WARN_BOOL_CONVERSION = YES;
				CLANG_WARN_COMMA = YES;
				CLANG_WARN_CONSTANT_CONVERSION = YES;
				CLANG_WARN_DEPRECATED_OBJC_IMPLEMENTATIONS = YES;
				CLANG_WARN_DIRECT_OBJC_ISA_USAGE = YES_ERROR;
				CLANG_WARN_DOCUMENTATION_COMMENTS = YES;
				CLANG_WARN_EMPTY_BODY = YES;
				CLANG_WARN_ENUM_CONVERSION = YES;
				CLANG_WARN_INFINITE_RECURSION = YES;
				CLANG_WARN_INT_CONVERSION = YES;
				CLANG_WARN_NON_LITERAL_NULL_CONVERSION = YES;
				CLANG_WARN_OBJC_IMPLICIT_RETAIN_SELF = YES;
				CLANG_WARN_OBJC_LITERAL_CONVERSION = YES;
				CLANG_WARN_OBJC_ROOT_CLASS = YES_ERROR;
				CLANG_WARN_QUOTED_INCLUDE_IN_FRAMEWORK_HEADER = YES;
				CLANG_WARN_RANGE_LOOP_ANALYSIS = YES;
				CLANG_WARN_STRICT_PROTOTYPES = YES;
				CLANG_WARN_SUSPICIOUS_MOVE = YES;
				CLANG_WARN_UNGUARDED_AVAILABILITY = YES_AGGRESSIVE;
				CLANG_WARN_UNREACHABLE_CODE = YES;
				CLANG_WARN__DUPLICATE_METHOD_MATCH = YES;
				COPY_PHASE_STRIP = NO;
				CURRENT_PROJECT_VERSION = 13;
				DEBUG_INFORMATION_FORMAT = dwarf;
				ENABLE_STRICT_OBJC_MSGSEND = YES;
				ENABLE_TESTABILITY = YES;
				GCC_C_LANGUAGE_STANDARD = gnu11;
				GCC_DYNAMIC_NO_PIC = NO;
				GCC_NO_COMMON_BLOCKS = YES;
				GCC_OPTIMIZATION_LEVEL = 0;
				GCC_PREPROCESSOR_DEFINITIONS = (
					"$(inherited)",
					"DEBUG=1",
				);
				GCC_TREAT_WARNINGS_AS_ERRORS = YES;
				GCC_WARN_64_TO_32_BIT_CONVERSION = YES;
				GCC_WARN_ABOUT_RETURN_TYPE = YES_ERROR;
				GCC_WARN_UNDECLARED_SELECTOR = YES;
				GCC_WARN_UNINITIALIZED_AUTOS = YES_AGGRESSIVE;
				GCC_WARN_UNUSED_FUNCTION = YES;
				GCC_WARN_UNUSED_VARIABLE = YES;
				IPHONEOS_DEPLOYMENT_TARGET = 17.0;
				MARKETING_VERSION = 0.7.1;
				MTL_ENABLE_DEBUG_INFO = INCLUDE_SOURCE;
				MTL_FAST_MATH = YES;
				ONLY_ACTIVE_ARCH = YES;
				PRODUCT_NAME = "$(TARGET_NAME)";
				SDKROOT = iphoneos;
				SWIFT_ACTIVE_COMPILATION_CONDITIONS = DEBUG;
				SWIFT_OPTIMIZATION_LEVEL = "-Onone";
				SWIFT_STRICT_CONCURRENCY = complete;
				SWIFT_TREAT_WARNINGS_AS_ERRORS = YES;
				SWIFT_VERSION = 6.0;
			};
			name = Debug;
		};
		B3FE96B9E1B56B1F1F53BF5E /* Release */ = {
			isa = XCBuildConfiguration;
			buildSettings = {
				ALWAYS_SEARCH_USER_PATHS = NO;
				CLANG_ANALYZER_LOCALIZABILITY_NONLOCALIZED = YES;
				CLANG_ANALYZER_NONNULL = YES;
				CLANG_ANALYZER_NUMBER_OBJECT_CONVERSION = YES_AGGRESSIVE;
				CLANG_CXX_LANGUAGE_STANDARD = "gnu++14";
				CLANG_CXX_LIBRARY = "libc++";
				CLANG_ENABLE_MODULES = YES;
				CLANG_ENABLE_OBJC_ARC = YES;
				CLANG_ENABLE_OBJC_WEAK = YES;
				CLANG_WARN_BLOCK_CAPTURE_AUTORELEASING = YES;
				CLANG_WARN_BOOL_CONVERSION = YES;
				CLANG_WARN_COMMA = YES;
				CLANG_WARN_CONSTANT_CONVERSION = YES;
				CLANG_WARN_DEPRECATED_OBJC_IMPLEMENTATIONS = YES;
				CLANG_WARN_DIRECT_OBJC_ISA_USAGE = YES_ERROR;
				CLANG_WARN_DOCUMENTATION_COMMENTS = YES;
				CLANG_WARN_EMPTY_BODY = YES;
				CLANG_WARN_ENUM_CONVERSION = YES;
				CLANG_WARN_INFINITE_RECURSION = YES;
				CLANG_WARN_INT_CONVERSION = YES;
				CLANG_WARN_NON_LITERAL_NULL_CONVERSION = YES;
				CLANG_WARN_OBJC_IMPLICIT_RETAIN_SELF = YES;
				CLANG_WARN_OBJC_LITERAL_CONVERSION = YES;
				CLANG_WARN_OBJC_ROOT_CLASS = YES_ERROR;
				CLANG_WARN_QUOTED_INCLUDE_IN_FRAMEWORK_HEADER = YES;
				CLANG_WARN_RANGE_LOOP_ANALYSIS = YES;
				CLANG_WARN_STRICT_PROTOTYPES = YES;
				CLANG_WARN_SUSPICIOUS_MOVE = YES;
				CLANG_WARN_UNGUARDED_AVAILABILITY = YES_AGGRESSIVE;
				CLANG_WARN_UNREACHABLE_CODE = YES;
				CLANG_WARN__DUPLICATE_METHOD_MATCH = YES;
				COPY_PHASE_STRIP = NO;
				CURRENT_PROJECT_VERSION = 13;
				DEBUG_INFORMATION_FORMAT = "dwarf-with-dsym";
				ENABLE_NS_ASSERTIONS = NO;
				ENABLE_STRICT_OBJC_MSGSEND = YES;
				GCC_C_LANGUAGE_STANDARD = gnu11;
				GCC_NO_COMMON_BLOCKS = YES;
				GCC_TREAT_WARNINGS_AS_ERRORS = YES;
				GCC_WARN_64_TO_32_BIT_CONVERSION = YES;
				GCC_WARN_ABOUT_RETURN_TYPE = YES_ERROR;
				GCC_WARN_UNDECLARED_SELECTOR = YES;
				GCC_WARN_UNINITIALIZED_AUTOS = YES_AGGRESSIVE;
				GCC_WARN_UNUSED_FUNCTION = YES;
				GCC_WARN_UNUSED_VARIABLE = YES;
				IPHONEOS_DEPLOYMENT_TARGET = 17.0;
				MARKETING_VERSION = 0.7.1;
				MTL_ENABLE_DEBUG_INFO = NO;
				MTL_FAST_MATH = YES;
				PRODUCT_NAME = "$(TARGET_NAME)";
				SDKROOT = iphoneos;
				SWIFT_COMPILATION_MODE = wholemodule;
				SWIFT_OPTIMIZATION_LEVEL = "-O";
				SWIFT_STRICT_CONCURRENCY = complete;
				SWIFT_TREAT_WARNINGS_AS_ERRORS = YES;
				SWIFT_VERSION = 6.0;
			};
			name = Release;
		};
		F5564C45D4801A8658A6A3A3 /* Debug */ = {
			isa = XCBuildConfiguration;
			buildSettings = {
				BUNDLE_LOADER = "$(TEST_HOST)";
				GENERATE_INFOPLIST_FILE = YES;
				LD_RUNPATH_SEARCH_PATHS = (
					"$(inherited)",
					"@executable_path/Frameworks",
					"@loader_path/Frameworks",
				);
				PRODUCT_BUNDLE_IDENTIFIER = "com.clintonst.sideload.sleep.private-tests";
				SDKROOT = iphoneos;
				TARGETED_DEVICE_FAMILY = "1,2";
				TEST_HOST = "$(BUILT_PRODUCTS_DIR)/WHOOP.app/WHOOP";
			};
			name = Debug;
		};
/* End XCBuildConfiguration section */

/* Begin XCConfigurationList section */
		0B3DC4FDC6C3209F4778EA07 /* Build configuration list for PBXProject "Sleep" */ = {
			isa = XCConfigurationList;
			buildConfigurations = (
				B2536D8B7408700A5DEECEE0 /* Debug */,
				B3FE96B9E1B56B1F1F53BF5E /* Release */,
			);
			defaultConfigurationIsVisible = 0;
			defaultConfigurationName = Debug;
		};
		886D755D9E7903C0C6EF9B11 /* Build configuration list for PBXNativeTarget "SleepUITests" */ = {
			isa = XCConfigurationList;
			buildConfigurations = (
				6F3CDA485C41A1450BFA4D76 /* Debug */,
				2F775B390DCFEA2E894E0D20 /* Release */,
			);
			defaultConfigurationIsVisible = 0;
			defaultConfigurationName = Debug;
		};
		8A1CC960EDC3593F3B7EC25C /* Build configuration list for PBXNativeTarget "SleepPrivateTests" */ = {
			isa = XCConfigurationList;
			buildConfigurations = (
				F5564C45D4801A8658A6A3A3 /* Debug */,
				28323C1B53E3D9F060198CB1 /* Release */,
			);
			defaultConfigurationIsVisible = 0;
			defaultConfigurationName = Debug;
		};
		C595061A14557CD32B2A58E3 /* Build configuration list for PBXNativeTarget "Sleep" */ = {
			isa = XCConfigurationList;
			buildConfigurations = (
				76B2BAA8C9E44CE16EB7B5F6 /* Debug */,
				77FC8490614BE91CDCA76A74 /* Release */,
			);
			defaultConfigurationIsVisible = 0;
			defaultConfigurationName = Debug;
		};
		E90BF44CD43E6A84F10E65E6 /* Build configuration list for PBXNativeTarget "SleepTests" */ = {
			isa = XCConfigurationList;
			buildConfigurations = (
				37C0CCE708B5E5F62E7F81DD /* Debug */,
				8F32F06C59008761AA0A2E56 /* Release */,
			);
			defaultConfigurationIsVisible = 0;
			defaultConfigurationName = Debug;
		};
/* End XCConfigurationList section */
	};
	rootObject = D72287C3CA7F4F9C38CD605A /* Project object */;
}
