// !$*UTF8*$!
{
	archiveVersion = 1;
	classes = {
	};
	objectVersion = 77;
	objects = {

/* Begin PBXBuildFile section */
		0780C3754CF52E55C4490DC2 /* SleepModels.swift in Sources */ = {isa = PBXBuildFile; fileRef = 5AFDD42A4C609A6413DEEC82 /* SleepModels.swift */; };
		17219C52B7BB1E5EF0CEBC41 /* Assets.xcassets in Resources */ = {isa = PBXBuildFile; fileRef = 17FB3C93091A25C01753B986 /* Assets.xcassets */; };
		44838C3AC065F48BBA97B9C6 /* WhoopHandshakeProbe.swift in Sources */ = {isa = PBXBuildFile; fileRef = ACA50ED0CA372D20A4C7FCC2 /* WhoopHandshakeProbe.swift */; };
		58D3DEF10CE8C5D53FB5BFE4 /* SleepApp.swift in Sources */ = {isa = PBXBuildFile; fileRef = 64308BD33686D78BFFF93E84 /* SleepApp.swift */; };
		5D38DACDD5370856CB867D42 /* WhoopStore.swift in Sources */ = {isa = PBXBuildFile; fileRef = 34128B1D49DD54D79E178CB2 /* WhoopStore.swift */; };
		C0CF86213AC8FAC5442DD2A9 /* HandshakeView.swift in Sources */ = {isa = PBXBuildFile; fileRef = 1269FF26BC9F48E71BE0D707 /* HandshakeView.swift */; };
		D53AF91AE001734DB878CFEE /* WhoopSleepStateTests.swift in Sources */ = {isa = PBXBuildFile; fileRef = 8FF6293132088FACDFF53B0A /* WhoopSleepStateTests.swift */; };
		DB61E79F693E407B5086D2EF /* RootView.swift in Sources */ = {isa = PBXBuildFile; fileRef = 3ECA72687BA9425EEE8B38F8 /* RootView.swift */; };
/* End PBXBuildFile section */

/* Begin PBXContainerItemProxy section */
		50D26755D5F855E1C632BD7B /* PBXContainerItemProxy */ = {
			isa = PBXContainerItemProxy;
			containerPortal = D72287C3CA7F4F9C38CD605A /* Project object */;
			proxyType = 1;
			remoteGlobalIDString = 9EB5F8D007CF094E489E734A;
			remoteInfo = Sleep;
		};
/* End PBXContainerItemProxy section */

/* Begin PBXFileReference section */
		1269FF26BC9F48E71BE0D707 /* HandshakeView.swift */ = {isa = PBXFileReference; lastKnownFileType = sourcecode.swift; path = HandshakeView.swift; sourceTree = "<group>"; };
		17FB3C93091A25C01753B986 /* Assets.xcassets */ = {isa = PBXFileReference; lastKnownFileType = folder.assetcatalog; path = Assets.xcassets; sourceTree = "<group>"; };
		34128B1D49DD54D79E178CB2 /* WhoopStore.swift */ = {isa = PBXFileReference; lastKnownFileType = sourcecode.swift; path = WhoopStore.swift; sourceTree = "<group>"; };
		3ECA72687BA9425EEE8B38F8 /* RootView.swift */ = {isa = PBXFileReference; lastKnownFileType = sourcecode.swift; path = RootView.swift; sourceTree = "<group>"; };
		48C35C4BEADBA6D32F648C1E /* Sleep.app */ = {isa = PBXFileReference; includeInIndex = 0; lastKnownFileType = wrapper.application; path = Sleep.app; sourceTree = BUILT_PRODUCTS_DIR; };
		5AFDD42A4C609A6413DEEC82 /* SleepModels.swift */ = {isa = PBXFileReference; lastKnownFileType = sourcecode.swift; path = SleepModels.swift; sourceTree = "<group>"; };
		64308BD33686D78BFFF93E84 /* SleepApp.swift */ = {isa = PBXFileReference; lastKnownFileType = sourcecode.swift; path = SleepApp.swift; sourceTree = "<group>"; };
		8B0E32E21B547DBCEE5C67BB /* Info.plist */ = {isa = PBXFileReference; lastKnownFileType = text.plist; path = Info.plist; sourceTree = "<group>"; };
		8FF6293132088FACDFF53B0A /* WhoopSleepStateTests.swift */ = {isa = PBXFileReference; lastKnownFileType = sourcecode.swift; path = WhoopSleepStateTests.swift; sourceTree = "<group>"; };
		ACA50ED0CA372D20A4C7FCC2 /* WhoopHandshakeProbe.swift */ = {isa = PBXFileReference; lastKnownFileType = sourcecode.swift; path = WhoopHandshakeProbe.swift; sourceTree = "<group>"; };
		B7B060DFAE4F0CF319ED266C /* SleepTests.xctest */ = {isa = PBXFileReference; includeInIndex = 0; lastKnownFileType = wrapper.cfbundle; path = SleepTests.xctest; sourceTree = BUILT_PRODUCTS_DIR; };
/* End PBXFileReference section */

/* Begin PBXGroup section */
		80DEC4C4DBB50CD649290670 /* Products */ = {
			isa = PBXGroup;
			children = (
				48C35C4BEADBA6D32F648C1E /* Sleep.app */,
				B7B060DFAE4F0CF319ED266C /* SleepTests.xctest */,
			);
			name = Products;
			sourceTree = "<group>";
		};
		8B593030069B7CA3EB6D542E /* SleepApp */ = {
			isa = PBXGroup;
			children = (
				17FB3C93091A25C01753B986 /* Assets.xcassets */,
				8B0E32E21B547DBCEE5C67BB /* Info.plist */,
				3ECA72687BA9425EEE8B38F8 /* RootView.swift */,
				64308BD33686D78BFFF93E84 /* SleepApp.swift */,
				5AFDD42A4C609A6413DEEC82 /* SleepModels.swift */,
			);
			path = SleepApp;
			sourceTree = "<group>";
		};
		A2EFD037B81E2F29F0D42053 = {
			isa = PBXGroup;
			children = (
				8B593030069B7CA3EB6D542E /* SleepApp */,
				B87C1B89EE4AEC8D322AF1F7 /* SleepTests */,
				DDCB9E698C64F40842261644 /* WhoopHandshakeApp */,
				80DEC4C4DBB50CD649290670 /* Products */,
			);
			sourceTree = "<group>";
		};
		B87C1B89EE4AEC8D322AF1F7 /* SleepTests */ = {
			isa = PBXGroup;
			children = (
				8FF6293132088FACDFF53B0A /* WhoopSleepStateTests.swift */,
			);
			path = SleepTests;
			sourceTree = "<group>";
		};
		DDCB9E698C64F40842261644 /* WhoopHandshakeApp */ = {
			isa = PBXGroup;
			children = (
				1269FF26BC9F48E71BE0D707 /* HandshakeView.swift */,
				ACA50ED0CA372D20A4C7FCC2 /* WhoopHandshakeProbe.swift */,
				34128B1D49DD54D79E178CB2 /* WhoopStore.swift */,
			);
			path = WhoopHandshakeApp;
			sourceTree = "<group>";
		};
/* End PBXGroup section */

/* Begin PBXNativeTarget section */
		9E8275851F9D82497491ACD0 /* SleepTests */ = {
			isa = PBXNativeTarget;
			buildConfigurationList = E90BF44CD43E6A84F10E65E6 /* Build configuration list for PBXNativeTarget "SleepTests" */;
			buildPhases = (
				AF266BAD8665F8C2633190A0 /* Sources */,
			);
			buildRules = (
			);
			dependencies = (
				EA209D3BC8EB02DFE555133F /* PBXTargetDependency */,
			);
			name = SleepTests;
			packageProductDependencies = (
			);
			productName = SleepTests;
			productReference = B7B060DFAE4F0CF319ED266C /* SleepTests.xctest */;
			productType = "com.apple.product-type.bundle.unit-test";
		};
		9EB5F8D007CF094E489E734A /* Sleep */ = {
			isa = PBXNativeTarget;
			buildConfigurationList = C595061A14557CD32B2A58E3 /* Build configuration list for PBXNativeTarget "Sleep" */;
			buildPhases = (
				78A7E679C878D906D34E8B93 /* Sources */,
				1193C4D79C1D7301DAB91227 /* Resources */,
				700CB5C88CE6C406D424C4AA /* Embed private WHOOP history */,
			);
			buildRules = (
			);
			dependencies = (
			);
			name = Sleep;
			packageProductDependencies = (
			);
			productName = Sleep;
			productReference = 48C35C4BEADBA6D32F648C1E /* Sleep.app */;
			productType = "com.apple.product-type.application";
		};
/* End PBXNativeTarget section */

/* Begin PBXProject section */
		D72287C3CA7F4F9C38CD605A /* Project object */ = {
			isa = PBXProject;
			attributes = {
				BuildIndependentTargetsInParallel = YES;
				LastUpgradeCheck = 1430;
				TargetAttributes = {
					9EB5F8D007CF094E489E734A = {
						DevelopmentTeam = WM8M9CQZF8;
						ProvisioningStyle = Automatic;
					};
				};
			};
			buildConfigurationList = 0B3DC4FDC6C3209F4778EA07 /* Build configuration list for PBXProject "Sleep" */;
			developmentRegion = en;
			hasScannedForEncodings = 0;
			knownRegions = (
				Base,
				en,
			);
			mainGroup = A2EFD037B81E2F29F0D42053;
			minimizedProjectReferenceProxies = 1;
			preferredProjectObjectVersion = 77;
			productRefGroup = 80DEC4C4DBB50CD649290670 /* Products */;
			projectDirPath = "";
			projectRoot = "";
			targets = (
				9EB5F8D007CF094E489E734A /* Sleep */,
				9E8275851F9D82497491ACD0 /* SleepTests */,
			);
		};
/* End PBXProject section */

/* Begin PBXResourcesBuildPhase section */
		1193C4D79C1D7301DAB91227 /* Resources */ = {
			isa = PBXResourcesBuildPhase;
			buildActionMask = 2147483647;
			files = (
				17219C52B7BB1E5EF0CEBC41 /* Assets.xcassets in Resources */,
			);
			runOnlyForDeploymentPostprocessing = 0;
		};
/* End PBXResourcesBuildPhase section */

/* Begin PBXShellScriptBuildPhase section */
		700CB5C88CE6C406D424C4AA /* Embed private WHOOP history */ = {
			isa = PBXShellScriptBuildPhase;
			alwaysOutOfDate = 1;
			buildActionMask = 2147483647;
			files = (
			);
			inputFileListPaths = (
			);
			inputPaths = (
			);
			name = "Embed private WHOOP history";
			outputFileListPaths = (
			);
			outputPaths = (
			);
			runOnlyForDeploymentPostprocessing = 0;
			shellPath = /bin/sh;
			shellScript = "SEED_PATH=\"${WHOOP_HISTORY_SEED_PATH:-${HOME}/Documents/personal/data/whoop/app-seeds/whoop-history.json}\"\nDESTINATION=\"${TARGET_BUILD_DIR}/${UNLOCALIZED_RESOURCES_FOLDER_PATH}/whoop-history.json\"\nif [ -f \"${SEED_PATH}\" ] && ! /usr/bin/cmp -s \"${SEED_PATH}\" \"${DESTINATION}\"; then\n  /bin/cp \"${SEED_PATH}\" \"${TARGET_BUILD_DIR}/${UNLOCALIZED_RESOURCES_FOLDER_PATH}/whoop-history.json\"\nelif [ ! -f \"${SEED_PATH}\" ]; then\n  /bin/rm -f \"${DESTINATION}\"\nfi\nMODEL_PATH=\"${WHOOP_SCORE_MODEL_PATH:-${HOME}/Documents/personal/data/whoop/app-seeds/whoop-score-model.json}\"\nMODEL_DESTINATION=\"${TARGET_BUILD_DIR}/${UNLOCALIZED_RESOURCES_FOLDER_PATH}/whoop-score-model.json\"\nif [ -f \"${MODEL_PATH}\" ] && ! /usr/bin/cmp -s \"${MODEL_PATH}\" \"${MODEL_DESTINATION}\"; then\n  /bin/cp \"${MODEL_PATH}\" \"${MODEL_DESTINATION}\"\nelif [ ! -f \"${MODEL_PATH}\" ]; then\n  /bin/rm -f \"${MODEL_DESTINATION}\"\nfi\nRECOVERY_MODEL_PATH=\"${WHOOP_RECOVERY_MODEL_PATH:-${HOME}/Documents/personal/data/whoop/app-seeds/whoop-recovery-model.json}\"\nRECOVERY_MODEL_DESTINATION=\"${TARGET_BUILD_DIR}/${UNLOCALIZED_RESOURCES_FOLDER_PATH}/whoop-recovery-model.json\"\nif [ -f \"${RECOVERY_MODEL_PATH}\" ] && ! /usr/bin/cmp -s \"${RECOVERY_MODEL_PATH}\" \"${RECOVERY_MODEL_DESTINATION}\"; then\n  /bin/cp \"${RECOVERY_MODEL_PATH}\" \"${RECOVERY_MODEL_DESTINATION}\"\nelif [ ! -f \"${RECOVERY_MODEL_PATH}\" ]; then\n  /bin/rm -f \"${RECOVERY_MODEL_DESTINATION}\"\nfi\nOFFICIAL_METRICS_PATH=\"${WHOOP_OFFICIAL_METRICS_PATH:-${HOME}/Documents/personal/data/whoop/app-seeds/whoop-official-metrics.json}\"\nOFFICIAL_METRICS_DESTINATION=\"${TARGET_BUILD_DIR}/${UNLOCALIZED_RESOURCES_FOLDER_PATH}/whoop-official-metrics.json\"\nif [ -f \"${OFFICIAL_METRICS_PATH}\" ] && ! /usr/bin/cmp -s \"${OFFICIAL_METRICS_PATH}\" \"${OFFICIAL_METRICS_DESTINATION}\"; then\n  /bin/cp \"${OFFICIAL_METRICS_PATH}\" \"${OFFICIAL_METRICS_DESTINATION}\"\nelif [ ! -f \"${OFFICIAL_METRICS_PATH}\" ]; then\n  /bin/rm -f \"${OFFICIAL_METRICS_DESTINATION}\"\nfi\nOFFICIAL_ARCHIVE_PATH=\"${WHOOP_OFFICIAL_ARCHIVE_PATH:-${HOME}/Documents/personal/data/whoop/app-seeds/whoop-official-archive.sqlite3}\"\nOFFICIAL_ARCHIVE_DESTINATION=\"${TARGET_BUILD_DIR}/${UNLOCALIZED_RESOURCES_FOLDER_PATH}/whoop-official-archive.sqlite3\"\nif [ -f \"${OFFICIAL_ARCHIVE_PATH}\" ] && ! /usr/bin/cmp -s \"${OFFICIAL_ARCHIVE_PATH}\" \"${OFFICIAL_ARCHIVE_DESTINATION}\"; then\n  /bin/cp \"${OFFICIAL_ARCHIVE_PATH}\" \"${OFFICIAL_ARCHIVE_DESTINATION}\"\nelif [ ! -f \"${OFFICIAL_ARCHIVE_PATH}\" ]; then\n  /bin/rm -f \"${OFFICIAL_ARCHIVE_DESTINATION}\"\nfi\nif [ \"${CONFIGURATION}\" = \"Release\" ] && [ \"${PLATFORM_NAME}\" = \"iphoneos\" ]; then\n  if [ ! -f \"${DESTINATION}\" ] || [ ! -f \"${MODEL_DESTINATION}\" ] || [ ! -f \"${RECOVERY_MODEL_DESTINATION}\" ] || [ ! -f \"${OFFICIAL_METRICS_DESTINATION}\" ] || [ ! -f \"${OFFICIAL_ARCHIVE_DESTINATION}\" ]; then\n    echo \"error: Personal WHOOP device releases require the private history, models, and official raw archive.\"\n    exit 1\n  fi\nfi\n";
		};
/* End PBXShellScriptBuildPhase section */

/* Begin PBXSourcesBuildPhase section */
		78A7E679C878D906D34E8B93 /* Sources */ = {
			isa = PBXSourcesBuildPhase;
			buildActionMask = 2147483647;
			files = (
				C0CF86213AC8FAC5442DD2A9 /* HandshakeView.swift in Sources */,
				DB61E79F693E407B5086D2EF /* RootView.swift in Sources */,
				58D3DEF10CE8C5D53FB5BFE4 /* SleepApp.swift in Sources */,
				0780C3754CF52E55C4490DC2 /* SleepModels.swift in Sources */,
				44838C3AC065F48BBA97B9C6 /* WhoopHandshakeProbe.swift in Sources */,
				5D38DACDD5370856CB867D42 /* WhoopStore.swift in Sources */,
			);
			runOnlyForDeploymentPostprocessing = 0;
		};
		AF266BAD8665F8C2633190A0 /* Sources */ = {
			isa = PBXSourcesBuildPhase;
			buildActionMask = 2147483647;
			files = (
				D53AF91AE001734DB878CFEE /* WhoopSleepStateTests.swift in Sources */,
			);
			runOnlyForDeploymentPostprocessing = 0;
		};
/* End PBXSourcesBuildPhase section */

/* Begin PBXTargetDependency section */
		EA209D3BC8EB02DFE555133F /* PBXTargetDependency */ = {
			isa = PBXTargetDependency;
			target = 9EB5F8D007CF094E489E734A /* Sleep */;
			targetProxy = 50D26755D5F855E1C632BD7B /* PBXContainerItemProxy */;
		};
/* End PBXTargetDependency section */

/* Begin XCBuildConfiguration section */
		37C0CCE708B5E5F62E7F81DD /* Debug */ = {
			isa = XCBuildConfiguration;
			buildSettings = {
				BUNDLE_LOADER = "$(TEST_HOST)";
				GENERATE_INFOPLIST_FILE = YES;
				LD_RUNPATH_SEARCH_PATHS = (
					"$(inherited)",
					"@executable_path/Frameworks",
					"@loader_path/Frameworks",
				);
				PRODUCT_BUNDLE_IDENTIFIER = com.clintonst.sideload.sleep.tests;
				SDKROOT = iphoneos;
				TARGETED_DEVICE_FAMILY = "1,2";
				TEST_HOST = "$(BUILT_PRODUCTS_DIR)/WHOOP.app/WHOOP";
			};
			name = Debug;
		};
		76B2BAA8C9E44CE16EB7B5F6 /* Debug */ = {
			isa = XCBuildConfiguration;
			buildSettings = {
				ASSETCATALOG_COMPILER_APPICON_NAME = AppIcon;
				CODE_SIGN_IDENTITY = "iPhone Developer";
				CODE_SIGN_STYLE = Automatic;
				DEVELOPMENT_TEAM = WM8M9CQZF8;
				INFOPLIST_FILE = SleepApp/Info.plist;
				LD_RUNPATH_SEARCH_PATHS = (
					"$(inherited)",
					"@executable_path/Frameworks",
				);
				PRODUCT_BUNDLE_IDENTIFIER = com.clintonst.sideload.sleep;
				PRODUCT_MODULE_NAME = Sleep;
				PRODUCT_NAME = WHOOP;
				SDKROOT = iphoneos;
				TARGETED_DEVICE_FAMILY = 1;
			};
			name = Debug;
		};
		77FC8490614BE91CDCA76A74 /* Release */ = {
			isa = XCBuildConfiguration;
			buildSettings = {
				ASSETCATALOG_COMPILER_APPICON_NAME = AppIcon;
				CODE_SIGN_IDENTITY = "iPhone Developer";
				CODE_SIGN_STYLE = Automatic;
				DEVELOPMENT_TEAM = WM8M9CQZF8;
				INFOPLIST_FILE = SleepApp/Info.plist;
				LD_RUNPATH_SEARCH_PATHS = (
					"$(inherited)",
					"@executable_path/Frameworks",
				);
				PRODUCT_BUNDLE_IDENTIFIER = com.clintonst.sideload.sleep;
				PRODUCT_MODULE_NAME = Sleep;
				PRODUCT_NAME = WHOOP;
				SDKROOT = iphoneos;
				TARGETED_DEVICE_FAMILY = 1;
			};
			name = Release;
		};
		8F32F06C59008761AA0A2E56 /* Release */ = {
			isa = XCBuildConfiguration;
			buildSettings = {
				BUNDLE_LOADER = "$(TEST_HOST)";
				GENERATE_INFOPLIST_FILE = YES;
				LD_RUNPATH_SEARCH_PATHS = (
					"$(inherited)",
					"@executable_path/Frameworks",
					"@loader_path/Frameworks",
				);
				PRODUCT_BUNDLE_IDENTIFIER = com.clintonst.sideload.sleep.tests;
				SDKROOT = iphoneos;
				TARGETED_DEVICE_FAMILY = "1,2";
				TEST_HOST = "$(BUILT_PRODUCTS_DIR)/WHOOP.app/WHOOP";
			};
			name = Release;
		};
		B2536D8B7408700A5DEECEE0 /* Debug */ = {
			isa = XCBuildConfiguration;
			buildSettings = {
				ALWAYS_SEARCH_USER_PATHS = NO;
				CLANG_ANALYZER_NONNULL = YES;
				CLANG_ANALYZER_NUMBER_OBJECT_CONVERSION = YES_AGGRESSIVE;
				CLANG_CXX_LANGUAGE_STANDARD = "gnu++14";
				CLANG_CXX_LIBRARY = "libc++";
				CLANG_ENABLE_MODULES = YES;
				CLANG_ENABLE_OBJC_ARC = YES;
				CLANG_ENABLE_OBJC_WEAK = YES;
				CLANG_WARN_BLOCK_CAPTURE_AUTORELEASING = YES;
				CLANG_WARN_BOOL_CONVERSION = YES;
				CLANG_WARN_COMMA = YES;
				CLANG_WARN_CONSTANT_CONVERSION = YES;
				CLANG_WARN_DEPRECATED_OBJC_IMPLEMENTATIONS = YES;
				CLANG_WARN_DIRECT_OBJC_ISA_USAGE = YES_ERROR;
				CLANG_WARN_DOCUMENTATION_COMMENTS = YES;
				CLANG_WARN_EMPTY_BODY = YES;
				CLANG_WARN_ENUM_CONVERSION = YES;
				CLANG_WARN_INFINITE_RECURSION = YES;
				CLANG_WARN_INT_CONVERSION = YES;
				CLANG_WARN_NON_LITERAL_NULL_CONVERSION = YES;
				CLANG_WARN_OBJC_IMPLICIT_RETAIN_SELF = YES;
				CLANG_WARN_OBJC_LITERAL_CONVERSION = YES;
				CLANG_WARN_OBJC_ROOT_CLASS = YES_ERROR;
				CLANG_WARN_QUOTED_INCLUDE_IN_FRAMEWORK_HEADER = YES;
				CLANG_WARN_RANGE_LOOP_ANALYSIS = YES;
				CLANG_WARN_STRICT_PROTOTYPES = YES;
				CLANG_WARN_SUSPICIOUS_MOVE = YES;
				CLANG_WARN_UNGUARDED_AVAILABILITY = YES_AGGRESSIVE;
				CLANG_WARN_UNREACHABLE_CODE = YES;
				CLANG_WARN__DUPLICATE_METHOD_MATCH = YES;
				COPY_PHASE_STRIP = NO;
				CURRENT_PROJECT_VERSION = 12;
				DEBUG_INFORMATION_FORMAT = dwarf;
				ENABLE_STRICT_OBJC_MSGSEND = YES;
				ENABLE_TESTABILITY = YES;
				GCC_C_LANGUAGE_STANDARD = gnu11;
				GCC_DYNAMIC_NO_PIC = NO;
				GCC_NO_COMMON_BLOCKS = YES;
				GCC_OPTIMIZATION_LEVEL = 0;
				GCC_PREPROCESSOR_DEFINITIONS = (
					"$(inherited)",
					"DEBUG=1",
				);
				GCC_WARN_64_TO_32_BIT_CONVERSION = YES;
				GCC_WARN_ABOUT_RETURN_TYPE = YES_ERROR;
				GCC_WARN_UNDECLARED_SELECTOR = YES;
				GCC_WARN_UNINITIALIZED_AUTOS = YES_AGGRESSIVE;
				GCC_WARN_UNUSED_FUNCTION = YES;
				GCC_WARN_UNUSED_VARIABLE = YES;
				IPHONEOS_DEPLOYMENT_TARGET = 17.0;
				MARKETING_VERSION = 0.7.0;
				MTL_ENABLE_DEBUG_INFO = INCLUDE_SOURCE;
				MTL_FAST_MATH = YES;
				ONLY_ACTIVE_ARCH = YES;
				PRODUCT_NAME = "$(TARGET_NAME)";
				SDKROOT = iphoneos;
				SWIFT_ACTIVE_COMPILATION_CONDITIONS = DEBUG;
				SWIFT_OPTIMIZATION_LEVEL = "-Onone";
				SWIFT_STRICT_CONCURRENCY = complete;
				SWIFT_VERSION = 6.0;
			};
			name = Debug;
		};
		B3FE96B9E1B56B1F1F53BF5E /* Release */ = {
			isa = XCBuildConfiguration;
			buildSettings = {
				ALWAYS_SEARCH_USER_PATHS = NO;
				CLANG_ANALYZER_NONNULL = YES;
				CLANG_ANALYZER_NUMBER_OBJECT_CONVERSION = YES_AGGRESSIVE;
				CLANG_CXX_LANGUAGE_STANDARD = "gnu++14";
				CLANG_CXX_LIBRARY = "libc++";
				CLANG_ENABLE_MODULES = YES;
				CLANG_ENABLE_OBJC_ARC = YES;
				CLANG_ENABLE_OBJC_WEAK = YES;
				CLANG_WARN_BLOCK_CAPTURE_AUTORELEASING = YES;
				CLANG_WARN_BOOL_CONVERSION = YES;
				CLANG_WARN_COMMA = YES;
				CLANG_WARN_CONSTANT_CONVERSION = YES;
				CLANG_WARN_DEPRECATED_OBJC_IMPLEMENTATIONS = YES;
				CLANG_WARN_DIRECT_OBJC_ISA_USAGE = YES_ERROR;
				CLANG_WARN_DOCUMENTATION_COMMENTS = YES;
				CLANG_WARN_EMPTY_BODY = YES;
				CLANG_WARN_ENUM_CONVERSION = YES;
				CLANG_WARN_INFINITE_RECURSION = YES;
				CLANG_WARN_INT_CONVERSION = YES;
				CLANG_WARN_NON_LITERAL_NULL_CONVERSION = YES;
				CLANG_WARN_OBJC_IMPLICIT_RETAIN_SELF = YES;
				CLANG_WARN_OBJC_LITERAL_CONVERSION = YES;
				CLANG_WARN_OBJC_ROOT_CLASS = YES_ERROR;
				CLANG_WARN_QUOTED_INCLUDE_IN_FRAMEWORK_HEADER = YES;
				CLANG_WARN_RANGE_LOOP_ANALYSIS = YES;
				CLANG_WARN_STRICT_PROTOTYPES = YES;
				CLANG_WARN_SUSPICIOUS_MOVE = YES;
				CLANG_WARN_UNGUARDED_AVAILABILITY = YES_AGGRESSIVE;
				CLANG_WARN_UNREACHABLE_CODE = YES;
				CLANG_WARN__DUPLICATE_METHOD_MATCH = YES;
				COPY_PHASE_STRIP = NO;
				CURRENT_PROJECT_VERSION = 12;
				DEBUG_INFORMATION_FORMAT = "dwarf-with-dsym";
				ENABLE_NS_ASSERTIONS = NO;
				ENABLE_STRICT_OBJC_MSGSEND = YES;
				GCC_C_LANGUAGE_STANDARD = gnu11;
				GCC_NO_COMMON_BLOCKS = YES;
				GCC_WARN_64_TO_32_BIT_CONVERSION = YES;
				GCC_WARN_ABOUT_RETURN_TYPE = YES_ERROR;
				GCC_WARN_UNDECLARED_SELECTOR = YES;
				GCC_WARN_UNINITIALIZED_AUTOS = YES_AGGRESSIVE;
				GCC_WARN_UNUSED_FUNCTION = YES;
				GCC_WARN_UNUSED_VARIABLE = YES;
				IPHONEOS_DEPLOYMENT_TARGET = 17.0;
				MARKETING_VERSION = 0.7.0;
				MTL_ENABLE_DEBUG_INFO = NO;
				MTL_FAST_MATH = YES;
				PRODUCT_NAME = "$(TARGET_NAME)";
				SDKROOT = iphoneos;
				SWIFT_COMPILATION_MODE = wholemodule;
				SWIFT_OPTIMIZATION_LEVEL = "-O";
				SWIFT_STRICT_CONCURRENCY = complete;
				SWIFT_VERSION = 6.0;
			};
			name = Release;
		};
/* End XCBuildConfiguration section */

/* Begin XCConfigurationList section */
		0B3DC4FDC6C3209F4778EA07 /* Build configuration list for PBXProject "Sleep" */ = {
			isa = XCConfigurationList;
			buildConfigurations = (
				B2536D8B7408700A5DEECEE0 /* Debug */,
				B3FE96B9E1B56B1F1F53BF5E /* Release */,
			);
			defaultConfigurationIsVisible = 0;
			defaultConfigurationName = Debug;
		};
		C595061A14557CD32B2A58E3 /* Build configuration list for PBXNativeTarget "Sleep" */ = {
			isa = XCConfigurationList;
			buildConfigurations = (
				76B2BAA8C9E44CE16EB7B5F6 /* Debug */,
				77FC8490614BE91CDCA76A74 /* Release */,
			);
			defaultConfigurationIsVisible = 0;
			defaultConfigurationName = Debug;
		};
		E90BF44CD43E6A84F10E65E6 /* Build configuration list for PBXNativeTarget "SleepTests" */ = {
			isa = XCConfigurationList;
			buildConfigurations = (
				37C0CCE708B5E5F62E7F81DD /* Debug */,
				8F32F06C59008761AA0A2E56 /* Release */,
			);
			defaultConfigurationIsVisible = 0;
			defaultConfigurationName = Debug;
		};
/* End XCConfigurationList section */
	};
	rootObject = D72287C3CA7F4F9C38CD605A /* Project object */;
}
